// !$*UTF8*$!
{
	archiveVersion = 1;
	classes = {
	};
	objectVersion = 77;
	objects = {

/* Begin PBXBuildFile section */
		0103EB875E4C9A4A5A47FCE4 /* ControlledDownloadedFileRevealing.swift in Sources */ = {isa = PBXBuildFile; fileRef = 9AFC534DC81A04F12F49DA43 /* ControlledDownloadedFileRevealing.swift */; };
		0224F25D065E86AEFD97F3B5 /* ScanState.swift in Sources */ = {isa = PBXBuildFile; fileRef = AD7482F550F991F8ECBF7093 /* ScanState.swift */; };
		03318C764D63E20EA96CFB61 /* PathRelocation.swift in Sources */ = {isa = PBXBuildFile; fileRef = C2CA5F8F453399B63BD762D6 /* PathRelocation.swift */; };
		06349653575A623ED9CA70CB /* ScanProgress.swift in Sources */ = {isa = PBXBuildFile; fileRef = 7150081873B496966933F1BA /* ScanProgress.swift */; };
		065FB456D8F58A3F2F8DB864 /* FoundationTrashExecutor.swift in Sources */ = {isa = PBXBuildFile; fileRef = 2137C15A291F7D433381AFBE /* FoundationTrashExecutor.swift */; };
		07D5A0EF8742872B5AA15C58 /* FoundationFileSystemScannerTests.swift in Sources */ = {isa = PBXBuildFile; fileRef = 925AF804ECA1259D2E029B1E /* FoundationFileSystemScannerTests.swift */; };
		0A0F3C84B227930360F8DDCA /* SQLiteDatabase.swift in Sources */ = {isa = PBXBuildFile; fileRef = A5268294431168FFB9A0B14F /* SQLiteDatabase.swift */; };
		0A882E47DD1BAAAFF1FA88AE /* ResultsMode.swift in Sources */ = {isa = PBXBuildFile; fileRef = 607616FA5B81349B931FE884 /* ResultsMode.swift */; };
		0F91D88635A114D0794DE229 /* InMemoryScanSnapshotIndex.swift in Sources */ = {isa = PBXBuildFile; fileRef = E1B07E2FC71B697DE8ADD680 /* InMemoryScanSnapshotIndex.swift */; };
		11CB9111C1904379E5B27DD7 /* RenameValidation.swift in Sources */ = {isa = PBXBuildFile; fileRef = E7CC20CD361D5132288ED830 /* RenameValidation.swift */; };
		12BEF18A16A99FBE3CD2F8E8 /* FoundationMutationEvidenceProvider.swift in Sources */ = {isa = PBXBuildFile; fileRef = C4C21AE69B7C373473505FCD /* FoundationMutationEvidenceProvider.swift */; };
		13241C20135FE5E88CB42102 /* AllItemsQuery.swift in Sources */ = {isa = PBXBuildFile; fileRef = EBA4215147AA573EB5C01828 /* AllItemsQuery.swift */; };
		137C5B7654048EF8678E0972 /* ApplicationTerminationController.swift in Sources */ = {isa = PBXBuildFile; fileRef = 94B8D383E56C9504F62C03EF /* ApplicationTerminationController.swift */; };
		13F5EDA51A6E79A5F804389E /* UpdateCheckSessionTests.swift in Sources */ = {isa = PBXBuildFile; fileRef = CECDBA7B2F041AB967F7F8E0 /* UpdateCheckSessionTests.swift */; };
		146871E013805341B95856E1 /* ScanDataSettingsPresentation.swift in Sources */ = {isa = PBXBuildFile; fileRef = 4070918A19600102FD95455E /* ScanDataSettingsPresentation.swift */; };
		152D231597B50504BC3ED913 /* RenamePlan.swift in Sources */ = {isa = PBXBuildFile; fileRef = B45011241C6948D43489C52A /* RenamePlan.swift */; };
		17B5BD09B42DE42BEBD8ABAC /* FoundationTrashExecutorTests.swift in Sources */ = {isa = PBXBuildFile; fileRef = FB342512B9A7F7E1571B142D /* FoundationTrashExecutorTests.swift */; };
		209ABEA0B4BF294D4D0D0BE2 /* AllItemsFilterView.swift in Sources */ = {isa = PBXBuildFile; fileRef = F564E37B62A074A96F130C43 /* AllItemsFilterView.swift */; };
		20BEA7FA55DE83BB5825AC33 /* StorageTreeOutlineViewTests.swift in Sources */ = {isa = PBXBuildFile; fileRef = 60CCA03E7126DA0BA46A3EC9 /* StorageTreeOutlineViewTests.swift */; };
		23334FC6AD55336288858D89 /* ScanScopeSelectionView.swift in Sources */ = {isa = PBXBuildFile; fileRef = 2B3E461D0DA7D59C9D597DCD /* ScanScopeSelectionView.swift */; };
		2608634CE42C3121DF4A252A /* ProcessMemoryProbe.swift in Sources */ = {isa = PBXBuildFile; fileRef = 93E1A86BCD3EA22C44EFCFFC /* ProcessMemoryProbe.swift */; };
		26EECC70D1201314C5C77838 /* UpdateArtifactDownloading.swift in Sources */ = {isa = PBXBuildFile; fileRef = F0B9EC819722366DBB917257 /* UpdateArtifactDownloading.swift */; };
		29E573B81231E4A38787532A /* CustomScopeBookmarking.swift in Sources */ = {isa = PBXBuildFile; fileRef = B0267F6D5CA30877859F6753 /* CustomScopeBookmarking.swift */; };
		2D24040EF7B63B4E904074ED /* PrivacySettingsView.swift in Sources */ = {isa = PBXBuildFile; fileRef = 19F5E0374BA182FD31A28566 /* PrivacySettingsView.swift */; };
		2FFAAD04724294925E81F4D5 /* FoundationCustomScopeBookmarkStoreTests.swift in Sources */ = {isa = PBXBuildFile; fileRef = 7656434ED978EA7953095B78 /* FoundationCustomScopeBookmarkStoreTests.swift */; };
		313072354DABB409D14AF259 /* ControlledUpdateChecking.swift in Sources */ = {isa = PBXBuildFile; fileRef = 546D4EF10EC283D0B2B6D0FA /* ControlledUpdateChecking.swift */; };
		313DB093712E8B5897818F6E /* SessionActivity.swift in Sources */ = {isa = PBXBuildFile; fileRef = F1409754F3FF3AAECA0D6C39 /* SessionActivity.swift */; };
		3293371DFDBED20775499C41 /* StorageTree.swift in Sources */ = {isa = PBXBuildFile; fileRef = 33C676E3CD240652C3351170 /* StorageTree.swift */; };
		36A35EBD8BFD6A89985FF590 /* SQLiteScanSnapshotIndexPerformanceTests.swift in Sources */ = {isa = PBXBuildFile; fileRef = AB0CA296FB61978912E1197E /* SQLiteScanSnapshotIndexPerformanceTests.swift */; };
		37FBC87AE3A2A7CC698D3C53 /* WelcomeView.swift in Sources */ = {isa = PBXBuildFile; fileRef = 07585AF40F0282C8DE4EF19E /* WelcomeView.swift */; };
		389276AACBE22E98B47EAFDE /* StorageItem.swift in Sources */ = {isa = PBXBuildFile; fileRef = A2B456368E15C48E7CF20B81 /* StorageItem.swift */; };
		46219AF696F93C052AD53CE9 /* ScanControlPresentationTests.swift in Sources */ = {isa = PBXBuildFile; fileRef = C935E51CDE01E1BC88B20C15 /* ScanControlPresentationTests.swift */; };
		499A6A7E3EA00804B9BCD046 /* SyntheticFileSystemScanner.swift in Sources */ = {isa = PBXBuildFile; fileRef = 171BC4061946E011385B1123 /* SyntheticFileSystemScanner.swift */; };
		4AB3C56D8647FF0AEBDF8236 /* ControlledUpdateArtifactDownloading.swift in Sources */ = {isa = PBXBuildFile; fileRef = CE4B5AA042322F34BF770A59 /* ControlledUpdateArtifactDownloading.swift */; };
		4D4F3B61A41A8DD44DDC948D /* UserDefaultsUpdateCheckPreferencesStore.swift in Sources */ = {isa = PBXBuildFile; fileRef = D6F1C49956D7DDF9B94C2627 /* UserDefaultsUpdateCheckPreferencesStore.swift */; };
		53B04A7469B9BC03E0CDEE68 /* FoundationRenameExecutorTests.swift in Sources */ = {isa = PBXBuildFile; fileRef = 379BFF0AB572B76528513F51 /* FoundationRenameExecutorTests.swift */; };
		562FB4B2EED1E72CB8F0F186 /* Eventually.swift in Sources */ = {isa = PBXBuildFile; fileRef = 71C7AE0A36440706F4EE2013 /* Eventually.swift */; };
		58D405491CB8882DDB9F1998 /* UpdateMetadataVerifierTests.swift in Sources */ = {isa = PBXBuildFile; fileRef = 3939FBA715E0611E6822C30D /* UpdateMetadataVerifierTests.swift */; };
		5954B407F40B28ECD1432365 /* AppVersion.swift in Sources */ = {isa = PBXBuildFile; fileRef = 52D634B81E771131354E4EFA /* AppVersion.swift */; };
		5D37FB38D8621E82A29A7ECA /* ControlledScanScopeAuthorizer.swift in Sources */ = {isa = PBXBuildFile; fileRef = CC5CF323D02940249BB8FDD8 /* ControlledScanScopeAuthorizer.swift */; };
		61E899150808110C309C3B03 /* MutationPreflightTests.swift in Sources */ = {isa = PBXBuildFile; fileRef = 25B74BF5BA35894304C8B334 /* MutationPreflightTests.swift */; };
		6619C698CFCAE96886698A21 /* TrashExecuting.swift in Sources */ = {isa = PBXBuildFile; fileRef = FB201E46021CDA4A1D43195E /* TrashExecuting.swift */; };
		69D75E43EC60DB0AA4A12CA8 /* UpdateCheckSession.swift in Sources */ = {isa = PBXBuildFile; fileRef = E2B0E93C55E42029E98F8E1C /* UpdateCheckSession.swift */; };
		6FE4B4DB4D064CE130B71520 /* UpdateCheckPreferencesStoring.swift in Sources */ = {isa = PBXBuildFile; fileRef = F7C31A99A2DE1C2CE9D8D310 /* UpdateCheckPreferencesStoring.swift */; };
		70D8C74F760CF4F5E9BBD112 /* FoundationScanScopeAuthorizer.swift in Sources */ = {isa = PBXBuildFile; fileRef = 4EB303828A9791FC798EE57A /* FoundationScanScopeAuthorizer.swift */; };
		70FB3BFD8885872204852247 /* SyntheticFileSystemScannerTests.swift in Sources */ = {isa = PBXBuildFile; fileRef = 76663E7CF4B7F48971CD314C /* SyntheticFileSystemScannerTests.swift */; };
		70FDF83653052B8E336C9F76 /* SettingsView.swift in Sources */ = {isa = PBXBuildFile; fileRef = 2DAA67971172540BCD7E87DC /* SettingsView.swift */; };
		7501246B6FF52BC69FE6ADF1 /* FoundationUpdateClientTests.swift in Sources */ = {isa = PBXBuildFile; fileRef = B72CD856850CA16D51904398 /* FoundationUpdateClientTests.swift */; };
		77C9100F055F4A4E72AD910D /* DownloadedFileRevealing.swift in Sources */ = {isa = PBXBuildFile; fileRef = B6DAC1E46080618AE5D01CE2 /* DownloadedFileRevealing.swift */; };
		781AAB6F932988712EFA5519 /* AppVersionTests.swift in Sources */ = {isa = PBXBuildFile; fileRef = B410F18D41866976E4FE4745 /* AppVersionTests.swift */; };
		795F99AB28399CB9C9A0BA45 /* AllItemsQueryTests.swift in Sources */ = {isa = PBXBuildFile; fileRef = 1179F5BED37B2285DD529568 /* AllItemsQueryTests.swift */; };
		7A9DDB2D237D1CD572F941E2 /* ScanSnapshotIndexing.swift in Sources */ = {isa = PBXBuildFile; fileRef = F47E89C5E9A6E7EABCECB875 /* ScanSnapshotIndexing.swift */; };
		7ABC06C4025F91664FC6369E /* MutationPreflight.swift in Sources */ = {isa = PBXBuildFile; fileRef = 548D35E8EA956A1719B2762D /* MutationPreflight.swift */; };
		7AE94779C570B0EADB416454 /* FocusedInspectorView.swift in Sources */ = {isa = PBXBuildFile; fileRef = CB7C2724BCED16757F84DE24 /* FocusedInspectorView.swift */; };
		82EACFBA8172FE1562239450 /* ScanControlPresentation.swift in Sources */ = {isa = PBXBuildFile; fileRef = 418B83189C47561F158CB415 /* ScanControlPresentation.swift */; };
		845C57A0EC397F48AC15419C /* AboutSettingsView.swift in Sources */ = {isa = PBXBuildFile; fileRef = 2EA9C235420C9CE9380DC684 /* AboutSettingsView.swift */; };
		860E9CDE7E94CA5085A36176 /* TrashOperationTests.swift in Sources */ = {isa = PBXBuildFile; fileRef = 0D2CFD3C0C322231F7EE4E76 /* TrashOperationTests.swift */; };
		869B91C3CA2F4A19F7988DEE /* ItemSafety.swift in Sources */ = {isa = PBXBuildFile; fileRef = 42F8D2C76B7D3A6101D78318 /* ItemSafety.swift */; };
		89A35FCA4B179EE722200029 /* DateProviding.swift in Sources */ = {isa = PBXBuildFile; fileRef = 03D57101D766A20E12BC53C1 /* DateProviding.swift */; };
		8AC267AD14570D592ABE3961 /* UpdateMetadataVerifier.swift in Sources */ = {isa = PBXBuildFile; fileRef = DB64E874C2465770B398F462 /* UpdateMetadataVerifier.swift */; };
		8DA31B237B2AC3E8CF8CED8F /* RestrictionPolicyTests.swift in Sources */ = {isa = PBXBuildFile; fileRef = A736F7BB73F70964DEA246F0 /* RestrictionPolicyTests.swift */; };
		92A0762E2FF852DAC8817E63 /* ScanExecutionControl.swift in Sources */ = {isa = PBXBuildFile; fileRef = B04B734788B8EA4D185E213F /* ScanExecutionControl.swift */; };
		98BB85D1967BEAE9F50AE420 /* FocusRestorationUITests.swift in Sources */ = {isa = PBXBuildFile; fileRef = D36AD79DE6DED8359166F0E8 /* FocusRestorationUITests.swift */; };
		98F36E790301409827720AAF /* NativeCustomScopePicker.swift in Sources */ = {isa = PBXBuildFile; fileRef = 08CA50DB15142617543007F5 /* NativeCustomScopePicker.swift */; };
		9BB082EEFA513A6D29026CE2 /* CrazyFileManagerApp.swift in Sources */ = {isa = PBXBuildFile; fileRef = F42E6E1CB57836E776C17A5E /* CrazyFileManagerApp.swift */; };
		9DF6CB94B5B67022638E41F1 /* ExplorerSession.swift in Sources */ = {isa = PBXBuildFile; fileRef = 59717E600CBF810F84F09BC3 /* ExplorerSession.swift */; };
		A00B11C193533102E2574CEE /* ControlledFileSystemScanner.swift in Sources */ = {isa = PBXBuildFile; fileRef = F7D23D0850C753334BEAB1C3 /* ControlledFileSystemScanner.swift */; };
		A47B0621213674723268F900 /* ExplorerView.swift in Sources */ = {isa = PBXBuildFile; fileRef = 1453F6208ADF847A35321B72 /* ExplorerView.swift */; };
		A64DB0C40DA9A2AC6EC03B0F /* ScanCachePresentation.swift in Sources */ = {isa = PBXBuildFile; fileRef = 00F4B8C323F39AFB21DBB1D0 /* ScanCachePresentation.swift */; };
		A68941375A986CE895F0B6FC /* UpdateMetadata.swift in Sources */ = {isa = PBXBuildFile; fileRef = 8F69555853CE796F2335A5E6 /* UpdateMetadata.swift */; };
		A83AD70269A514FA391F89B4 /* AllItemsTableViewTests.swift in Sources */ = {isa = PBXBuildFile; fileRef = BFDA38CFE052C34F72A44CA5 /* AllItemsTableViewTests.swift */; };
		AD18EF37576DD6E3D0C5B6F0 /* AmbientBackground.swift in Sources */ = {isa = PBXBuildFile; fileRef = 56DCA31894FAD2F5F4791269 /* AmbientBackground.swift */; };
		AECA46731841166EDAB48F4B /* ControlledUpdateCheckPreferencesStoring.swift in Sources */ = {isa = PBXBuildFile; fileRef = 6F1225478117C85294DC3A4D /* ControlledUpdateCheckPreferencesStoring.swift */; };
		AED78AC67D96DBF82F6F7737 /* StorageTreeOutlineView.swift in Sources */ = {isa = PBXBuildFile; fileRef = 00554AA56A393407FAD2085C /* StorageTreeOutlineView.swift */; };
		AF9EEE04CB8A6B3ADF9291DE /* SettingsUITests.swift in Sources */ = {isa = PBXBuildFile; fileRef = AE797F46736F7CEB080938B2 /* SettingsUITests.swift */; };
		B1C89D5E187A2463A7B79226 /* FoundationUpdateArtifactDownloader.swift in Sources */ = {isa = PBXBuildFile; fileRef = B12C6DAF19230FBE628C7E6C /* FoundationUpdateArtifactDownloader.swift */; };
		B281CCD2AD0681C4C3498BE7 /* FoundationCustomScopeBookmarkStore.swift in Sources */ = {isa = PBXBuildFile; fileRef = 98655BB01A520DF04C3823C5 /* FoundationCustomScopeBookmarkStore.swift */; };
		B419606537991E7BECD82B02 /* PrivacySystemSettingsOpener.swift in Sources */ = {isa = PBXBuildFile; fileRef = 7A4310010E59D580B0A4E129 /* PrivacySystemSettingsOpener.swift */; };
		B7828B4183EFA32B0C323AFA /* ScanScopePresentationTests.swift in Sources */ = {isa = PBXBuildFile; fileRef = F4FDDD9F8DEF74FA31E28AFE /* ScanScopePresentationTests.swift */; };
		B97BFFE73FF6C6BF7BE63531 /* FoundationFileSystemScanner.swift in Sources */ = {isa = PBXBuildFile; fileRef = 3C663C8FE660EABCE14F3BD4 /* FoundationFileSystemScanner.swift */; };
		BB5B393891053F5DFDBB4052 /* RestrictionPolicy.swift in Sources */ = {isa = PBXBuildFile; fileRef = 94F49F7C429D1495F4CB2D68 /* RestrictionPolicy.swift */; };
		BB71367FD03C207ABE86E138 /* UpdateCheckOutcomePresentation.swift in Sources */ = {isa = PBXBuildFile; fileRef = 438406310525DA0B0CD6E435 /* UpdateCheckOutcomePresentation.swift */; };
		BD17DAF62D3B1138ACD074DC /* ScanScopeAuthorizing.swift in Sources */ = {isa = PBXBuildFile; fileRef = AA10AAD08F635B0BB9AD5A6B /* ScanScopeAuthorizing.swift */; };
		BDB014C4813AB7FAFE2E18C2 /* ScanScopePresentation.swift in Sources */ = {isa = PBXBuildFile; fileRef = A5F6F998E1E67A69F30F9470 /* ScanScopePresentation.swift */; };
		BE1DF19F8F32D24D2F838C52 /* CFMDesign.swift in Sources */ = {isa = PBXBuildFile; fileRef = 35E16C1A0152BE1D7C2D3E34 /* CFMDesign.swift */; };
		BE7A7A5E5908ACA911975ABC /* ExplorerSessionTests.swift in Sources */ = {isa = PBXBuildFile; fileRef = 693E42235E6470238AA53F6A /* ExplorerSessionTests.swift */; };
		C081978B575232BDD160D587 /* ResultsView.swift in Sources */ = {isa = PBXBuildFile; fileRef = B914609DFE9169ED6FD3DFC7 /* ResultsView.swift */; };
		C14C2202093EEB7FFC3D9568 /* UpdateCheckOutcomePresentationTests.swift in Sources */ = {isa = PBXBuildFile; fileRef = 301352167027775C886F2F68 /* UpdateCheckOutcomePresentationTests.swift */; };
		C1E0579FAA906804E8748FEA /* RenameOperationTests.swift in Sources */ = {isa = PBXBuildFile; fileRef = 93C75C2ABEAD2903B4FEC908 /* RenameOperationTests.swift */; };
		C376788B3A781482D09DEBCE /* FileSystemScanning.swift in Sources */ = {isa = PBXBuildFile; fileRef = C234184FD88E00E6DD7359EF /* FileSystemScanning.swift */; };
		C691EA52E4765077D399F600 /* WorkspaceDownloadedFileRevealer.swift in Sources */ = {isa = PBXBuildFile; fileRef = 0AF8169462C47AE0128B97AA /* WorkspaceDownloadedFileRevealer.swift */; };
		CF16F45542AEB1A3C031976F /* TrashPlan.swift in Sources */ = {isa = PBXBuildFile; fileRef = 0406F73DB853A1941B80FAB6 /* TrashPlan.swift */; };
		D099CDD5B30B1381919F25B6 /* UpdateChecking.swift in Sources */ = {isa = PBXBuildFile; fileRef = B2FB2BE335699F594360CD4B /* UpdateChecking.swift */; };
		D1ACA04914C6C77DC9C83986 /* ScanDataSettingsPresentationTests.swift in Sources */ = {isa = PBXBuildFile; fileRef = 9C12D51E8AD87052008918C1 /* ScanDataSettingsPresentationTests.swift */; };
		D4EF5E1C954D6114796DA06D /* WelcomeScreenUITests.swift in Sources */ = {isa = PBXBuildFile; fileRef = 3A23A9E0653DF5472AFB4E23 /* WelcomeScreenUITests.swift */; };
		D7C0C98DCABAFA30A48564A5 /* FoundationUpdateClient.swift in Sources */ = {isa = PBXBuildFile; fileRef = F0C58D0051A35D0B4FC5B45D /* FoundationUpdateClient.swift */; };
		D846CF95792C5868960D1A21 /* UpdateSigningKey.swift in Sources */ = {isa = PBXBuildFile; fileRef = D3CAA4DF942EC76477BE9A13 /* UpdateSigningKey.swift */; };
		D9CE2E27B09F8DB7E20E1F4C /* CustomScopeChoosing.swift in Sources */ = {isa = PBXBuildFile; fileRef = 697984C215185594EF861EAA /* CustomScopeChoosing.swift */; };
		DE86860977F21057F87F79FA /* ScanExecutionControlTests.swift in Sources */ = {isa = PBXBuildFile; fileRef = 5A4227AF119766174D8974D3 /* ScanExecutionControlTests.swift */; };
		DF34CCA314C035DE0EB4C65C /* SystemSettingsOpening.swift in Sources */ = {isa = PBXBuildFile; fileRef = 2333F051597941C9A7DDD663 /* SystemSettingsOpening.swift */; };
		E199E45E29F0C791FE14261F /* RenameExecuting.swift in Sources */ = {isa = PBXBuildFile; fileRef = 7DE1B1D9CBE8523D4B35D360 /* RenameExecuting.swift */; };
		E26915DCB55CD9530679F587 /* AllItemsTableView.swift in Sources */ = {isa = PBXBuildFile; fileRef = 764922A3E35DA623547C5756 /* AllItemsTableView.swift */; };
		E2AB5D3581309A696D4A4F38 /* ScanScope.swift in Sources */ = {isa = PBXBuildFile; fileRef = 018954E4DDB6D4E1B4EE62F3 /* ScanScope.swift */; };
		E5AF8CD32AB5080E0EF1EC4F /* RenameValidationTests.swift in Sources */ = {isa = PBXBuildFile; fileRef = 353BD1A48FE0418322165188 /* RenameValidationTests.swift */; };
		E5DD658C2D1342305D565D45 /* SQLiteScanSnapshotIndexTests.swift in Sources */ = {isa = PBXBuildFile; fileRef = D5E3409934B0289B4B4C3730 /* SQLiteScanSnapshotIndexTests.swift */; };
		E80CF665C6004931BFC7C479 /* UpdateChecksSettingsView.swift in Sources */ = {isa = PBXBuildFile; fileRef = 94FBD12B433AD969F4B7C87D /* UpdateChecksSettingsView.swift */; };
		E836C3534224D919F17DC88D /* FoundationRenameExecutor.swift in Sources */ = {isa = PBXBuildFile; fileRef = 5254FB38C274B101CB9143AA /* FoundationRenameExecutor.swift */; };
		E88C03FD7BAC95FF0306D93E /* AppContainer.swift in Sources */ = {isa = PBXBuildFile; fileRef = 8D16EBA0CBFBF0FC1D2FFEE0 /* AppContainer.swift */; };
		E8CFEF65105E7BF9B5E65100 /* KeyboardOperabilityUITests.swift in Sources */ = {isa = PBXBuildFile; fileRef = AE9F30A0FF04EFCFCCDB5E0F /* KeyboardOperabilityUITests.swift */; };
		EA7652099C24289AF8104939 /* UpdateCheckConfiguration.swift in Sources */ = {isa = PBXBuildFile; fileRef = 922C0D03590D08F8480CD9D8 /* UpdateCheckConfiguration.swift */; };
		EE8E68EC4AAA7E3C87EE7EFC /* ScanDataSettingsView.swift in Sources */ = {isa = PBXBuildFile; fileRef = 125649FCF6C8BF1CA2AFB955 /* ScanDataSettingsView.swift */; };
		F478E7471FEC10853A273933 /* SQLiteScanSnapshotIndex.swift in Sources */ = {isa = PBXBuildFile; fileRef = 4FDFE15F85B6F1E9EA1A1FEF /* SQLiteScanSnapshotIndex.swift */; };
		F75772CC1B471D909F2C4042 /* FoundationScanScopeAuthorizerTests.swift in Sources */ = {isa = PBXBuildFile; fileRef = CAB040EEB6278D1C775575D0 /* FoundationScanScopeAuthorizerTests.swift */; };
		FA011DF74D8FF91370FA2DC4 /* VoiceOverLabelingUITests.swift in Sources */ = {isa = PBXBuildFile; fileRef = 8CE96DCFA20E47C7A24974B2 /* VoiceOverLabelingUITests.swift */; };
		FC7AA35E2E0FE680768C5FAE /* FocusedInspectorPresentationTests.swift in Sources */ = {isa = PBXBuildFile; fileRef = CB3F2DF8B66C1AD95525D8C0 /* FocusedInspectorPresentationTests.swift */; };
		FC83793B01835F7B706C62AE /* ScanCachePresentationTests.swift in Sources */ = {isa = PBXBuildFile; fileRef = B58760DBF826523464D61D19 /* ScanCachePresentationTests.swift */; };
		FF3630972F8CF736CC48ABEF /* libsqlite3.tbd in Frameworks */ = {isa = PBXBuildFile; fileRef = 0473DBD273080869DC50030E /* libsqlite3.tbd */; };
/* End PBXBuildFile section */

/* Begin PBXContainerItemProxy section */
		C17058CD17405C68065A7713 /* PBXContainerItemProxy */ = {
			isa = PBXContainerItemProxy;
			containerPortal = BBE48E8BF8F330582F629D5E /* Project object */;
			proxyType = 1;
			remoteGlobalIDString = 895533A4A6CA970D5BE4D716;
			remoteInfo = CrazyFileManager;
		};
		C630D5AC8E2BC56089AF470E /* PBXContainerItemProxy */ = {
			isa = PBXContainerItemProxy;
			containerPortal = BBE48E8BF8F330582F629D5E /* Project object */;
			proxyType = 1;
			remoteGlobalIDString = 895533A4A6CA970D5BE4D716;
			remoteInfo = CrazyFileManager;
		};
/* End PBXContainerItemProxy section */

/* Begin PBXFileReference section */
		00554AA56A393407FAD2085C /* StorageTreeOutlineView.swift */ = {isa = PBXFileReference; lastKnownFileType = sourcecode.swift; path = StorageTreeOutlineView.swift; sourceTree = "<group>"; };
		00F4B8C323F39AFB21DBB1D0 /* ScanCachePresentation.swift */ = {isa = PBXFileReference; lastKnownFileType = sourcecode.swift; path = ScanCachePresentation.swift; sourceTree = "<group>"; };
		018954E4DDB6D4E1B4EE62F3 /* ScanScope.swift */ = {isa = PBXFileReference; lastKnownFileType = sourcecode.swift; path = ScanScope.swift; sourceTree = "<group>"; };
		03D57101D766A20E12BC53C1 /* DateProviding.swift */ = {isa = PBXFileReference; lastKnownFileType = sourcecode.swift; path = DateProviding.swift; sourceTree = "<group>"; };
		0406F73DB853A1941B80FAB6 /* TrashPlan.swift */ = {isa = PBXFileReference; lastKnownFileType = sourcecode.swift; path = TrashPlan.swift; sourceTree = "<group>"; };
		0473DBD273080869DC50030E /* libsqlite3.tbd */ = {isa = PBXFileReference; lastKnownFileType = "sourcecode.text-based-dylib-definition"; name = libsqlite3.tbd; path = usr/lib/libsqlite3.tbd; sourceTree = SDKROOT; };
		07585AF40F0282C8DE4EF19E /* WelcomeView.swift */ = {isa = PBXFileReference; lastKnownFileType = sourcecode.swift; path = WelcomeView.swift; sourceTree = "<group>"; };
		08CA50DB15142617543007F5 /* NativeCustomScopePicker.swift */ = {isa = PBXFileReference; lastKnownFileType = sourcecode.swift; path = NativeCustomScopePicker.swift; sourceTree = "<group>"; };
		0AF8169462C47AE0128B97AA /* WorkspaceDownloadedFileRevealer.swift */ = {isa = PBXFileReference; lastKnownFileType = sourcecode.swift; path = WorkspaceDownloadedFileRevealer.swift; sourceTree = "<group>"; };
		0D2CFD3C0C322231F7EE4E76 /* TrashOperationTests.swift */ = {isa = PBXFileReference; lastKnownFileType = sourcecode.swift; path = TrashOperationTests.swift; sourceTree = "<group>"; };
		1179F5BED37B2285DD529568 /* AllItemsQueryTests.swift */ = {isa = PBXFileReference; lastKnownFileType = sourcecode.swift; path = AllItemsQueryTests.swift; sourceTree = "<group>"; };
		125649FCF6C8BF1CA2AFB955 /* ScanDataSettingsView.swift */ = {isa = PBXFileReference; lastKnownFileType = sourcecode.swift; path = ScanDataSettingsView.swift; sourceTree = "<group>"; };
		1453F6208ADF847A35321B72 /* ExplorerView.swift */ = {isa = PBXFileReference; lastKnownFileType = sourcecode.swift; path = ExplorerView.swift; sourceTree = "<group>"; };
		171BC4061946E011385B1123 /* SyntheticFileSystemScanner.swift */ = {isa = PBXFileReference; lastKnownFileType = sourcecode.swift; path = SyntheticFileSystemScanner.swift; sourceTree = "<group>"; };
		19F5E0374BA182FD31A28566 /* PrivacySettingsView.swift */ = {isa = PBXFileReference; lastKnownFileType = sourcecode.swift; path = PrivacySettingsView.swift; sourceTree = "<group>"; };
		2137C15A291F7D433381AFBE /* FoundationTrashExecutor.swift */ = {isa = PBXFileReference; lastKnownFileType = sourcecode.swift; path = FoundationTrashExecutor.swift; sourceTree = "<group>"; };
		2333F051597941C9A7DDD663 /* SystemSettingsOpening.swift */ = {isa = PBXFileReference; lastKnownFileType = sourcecode.swift; path = SystemSettingsOpening.swift; sourceTree = "<group>"; };
		25B74BF5BA35894304C8B334 /* MutationPreflightTests.swift */ = {isa = PBXFileReference; lastKnownFileType = sourcecode.swift; path = MutationPreflightTests.swift; sourceTree = "<group>"; };
		2B3E461D0DA7D59C9D597DCD /* ScanScopeSelectionView.swift */ = {isa = PBXFileReference; lastKnownFileType = sourcecode.swift; path = ScanScopeSelectionView.swift; sourceTree = "<group>"; };
		2DAA67971172540BCD7E87DC /* SettingsView.swift */ = {isa = PBXFileReference; lastKnownFileType = sourcecode.swift; path = SettingsView.swift; sourceTree = "<group>"; };
		2E3F053946B74518B0AFBBB1 /* CrazyFileManager.app */ = {isa = PBXFileReference; explicitFileType = wrapper.application; includeInIndex = 0; path = CrazyFileManager.app; sourceTree = BUILT_PRODUCTS_DIR; };
		2EA9C235420C9CE9380DC684 /* AboutSettingsView.swift */ = {isa = PBXFileReference; lastKnownFileType = sourcecode.swift; path = AboutSettingsView.swift; sourceTree = "<group>"; };
		301352167027775C886F2F68 /* UpdateCheckOutcomePresentationTests.swift */ = {isa = PBXFileReference; lastKnownFileType = sourcecode.swift; path = UpdateCheckOutcomePresentationTests.swift; sourceTree = "<group>"; };
		33C676E3CD240652C3351170 /* StorageTree.swift */ = {isa = PBXFileReference; lastKnownFileType = sourcecode.swift; path = StorageTree.swift; sourceTree = "<group>"; };
		353BD1A48FE0418322165188 /* RenameValidationTests.swift */ = {isa = PBXFileReference; lastKnownFileType = sourcecode.swift; path = RenameValidationTests.swift; sourceTree = "<group>"; };
		35E16C1A0152BE1D7C2D3E34 /* CFMDesign.swift */ = {isa = PBXFileReference; lastKnownFileType = sourcecode.swift; path = CFMDesign.swift; sourceTree = "<group>"; };
		379BFF0AB572B76528513F51 /* FoundationRenameExecutorTests.swift */ = {isa = PBXFileReference; lastKnownFileType = sourcecode.swift; path = FoundationRenameExecutorTests.swift; sourceTree = "<group>"; };
		38A1185761AEFE607963378F /* CrazyFileManagerUITests.xctest */ = {isa = PBXFileReference; explicitFileType = wrapper.cfbundle; includeInIndex = 0; path = CrazyFileManagerUITests.xctest; sourceTree = BUILT_PRODUCTS_DIR; };
		3939FBA715E0611E6822C30D /* UpdateMetadataVerifierTests.swift */ = {isa = PBXFileReference; lastKnownFileType = sourcecode.swift; path = UpdateMetadataVerifierTests.swift; sourceTree = "<group>"; };
		3A23A9E0653DF5472AFB4E23 /* WelcomeScreenUITests.swift */ = {isa = PBXFileReference; lastKnownFileType = sourcecode.swift; path = WelcomeScreenUITests.swift; sourceTree = "<group>"; };
		3C663C8FE660EABCE14F3BD4 /* FoundationFileSystemScanner.swift */ = {isa = PBXFileReference; lastKnownFileType = sourcecode.swift; path = FoundationFileSystemScanner.swift; sourceTree = "<group>"; };
		4070918A19600102FD95455E /* ScanDataSettingsPresentation.swift */ = {isa = PBXFileReference; lastKnownFileType = sourcecode.swift; path = ScanDataSettingsPresentation.swift; sourceTree = "<group>"; };
		418B83189C47561F158CB415 /* ScanControlPresentation.swift */ = {isa = PBXFileReference; lastKnownFileType = sourcecode.swift; path = ScanControlPresentation.swift; sourceTree = "<group>"; };
		42F8D2C76B7D3A6101D78318 /* ItemSafety.swift */ = {isa = PBXFileReference; lastKnownFileType = sourcecode.swift; path = ItemSafety.swift; sourceTree = "<group>"; };
		438406310525DA0B0CD6E435 /* UpdateCheckOutcomePresentation.swift */ = {isa = PBXFileReference; lastKnownFileType = sourcecode.swift; path = UpdateCheckOutcomePresentation.swift; sourceTree = "<group>"; };
		4EB303828A9791FC798EE57A /* FoundationScanScopeAuthorizer.swift */ = {isa = PBXFileReference; lastKnownFileType = sourcecode.swift; path = FoundationScanScopeAuthorizer.swift; sourceTree = "<group>"; };
		4FDFE15F85B6F1E9EA1A1FEF /* SQLiteScanSnapshotIndex.swift */ = {isa = PBXFileReference; lastKnownFileType = sourcecode.swift; path = SQLiteScanSnapshotIndex.swift; sourceTree = "<group>"; };
		5254FB38C274B101CB9143AA /* FoundationRenameExecutor.swift */ = {isa = PBXFileReference; lastKnownFileType = sourcecode.swift; path = FoundationRenameExecutor.swift; sourceTree = "<group>"; };
		52D634B81E771131354E4EFA /* AppVersion.swift */ = {isa = PBXFileReference; lastKnownFileType = sourcecode.swift; path = AppVersion.swift; sourceTree = "<group>"; };
		546D4EF10EC283D0B2B6D0FA /* ControlledUpdateChecking.swift */ = {isa = PBXFileReference; lastKnownFileType = sourcecode.swift; path = ControlledUpdateChecking.swift; sourceTree = "<group>"; };
		548D35E8EA956A1719B2762D /* MutationPreflight.swift */ = {isa = PBXFileReference; lastKnownFileType = sourcecode.swift; path = MutationPreflight.swift; sourceTree = "<group>"; };
		56DCA31894FAD2F5F4791269 /* AmbientBackground.swift */ = {isa = PBXFileReference; lastKnownFileType = sourcecode.swift; path = AmbientBackground.swift; sourceTree = "<group>"; };
		59717E600CBF810F84F09BC3 /* ExplorerSession.swift */ = {isa = PBXFileReference; lastKnownFileType = sourcecode.swift; path = ExplorerSession.swift; sourceTree = "<group>"; };
		5A4227AF119766174D8974D3 /* ScanExecutionControlTests.swift */ = {isa = PBXFileReference; lastKnownFileType = sourcecode.swift; path = ScanExecutionControlTests.swift; sourceTree = "<group>"; };
		607616FA5B81349B931FE884 /* ResultsMode.swift */ = {isa = PBXFileReference; lastKnownFileType = sourcecode.swift; path = ResultsMode.swift; sourceTree = "<group>"; };
		60CCA03E7126DA0BA46A3EC9 /* StorageTreeOutlineViewTests.swift */ = {isa = PBXFileReference; lastKnownFileType = sourcecode.swift; path = StorageTreeOutlineViewTests.swift; sourceTree = "<group>"; };
		693E42235E6470238AA53F6A /* ExplorerSessionTests.swift */ = {isa = PBXFileReference; lastKnownFileType = sourcecode.swift; path = ExplorerSessionTests.swift; sourceTree = "<group>"; };
		697984C215185594EF861EAA /* CustomScopeChoosing.swift */ = {isa = PBXFileReference; lastKnownFileType = sourcecode.swift; path = CustomScopeChoosing.swift; sourceTree = "<group>"; };
		6F1225478117C85294DC3A4D /* ControlledUpdateCheckPreferencesStoring.swift */ = {isa = PBXFileReference; lastKnownFileType = sourcecode.swift; path = ControlledUpdateCheckPreferencesStoring.swift; sourceTree = "<group>"; };
		7150081873B496966933F1BA /* ScanProgress.swift */ = {isa = PBXFileReference; lastKnownFileType = sourcecode.swift; path = ScanProgress.swift; sourceTree = "<group>"; };
		71C7AE0A36440706F4EE2013 /* Eventually.swift */ = {isa = PBXFileReference; lastKnownFileType = sourcecode.swift; path = Eventually.swift; sourceTree = "<group>"; };
		764922A3E35DA623547C5756 /* AllItemsTableView.swift */ = {isa = PBXFileReference; lastKnownFileType = sourcecode.swift; path = AllItemsTableView.swift; sourceTree = "<group>"; };
		7656434ED978EA7953095B78 /* FoundationCustomScopeBookmarkStoreTests.swift */ = {isa = PBXFileReference; lastKnownFileType = sourcecode.swift; path = FoundationCustomScopeBookmarkStoreTests.swift; sourceTree = "<group>"; };
		76663E7CF4B7F48971CD314C /* SyntheticFileSystemScannerTests.swift */ = {isa = PBXFileReference; lastKnownFileType = sourcecode.swift; path = SyntheticFileSystemScannerTests.swift; sourceTree = "<group>"; };
		7A4310010E59D580B0A4E129 /* PrivacySystemSettingsOpener.swift */ = {isa = PBXFileReference; lastKnownFileType = sourcecode.swift; path = PrivacySystemSettingsOpener.swift; sourceTree = "<group>"; };
		7DE1B1D9CBE8523D4B35D360 /* RenameExecuting.swift */ = {isa = PBXFileReference; lastKnownFileType = sourcecode.swift; path = RenameExecuting.swift; sourceTree = "<group>"; };
		8CE96DCFA20E47C7A24974B2 /* VoiceOverLabelingUITests.swift */ = {isa = PBXFileReference; lastKnownFileType = sourcecode.swift; path = VoiceOverLabelingUITests.swift; sourceTree = "<group>"; };
		8D16EBA0CBFBF0FC1D2FFEE0 /* AppContainer.swift */ = {isa = PBXFileReference; lastKnownFileType = sourcecode.swift; path = AppContainer.swift; sourceTree = "<group>"; };
		8F69555853CE796F2335A5E6 /* UpdateMetadata.swift */ = {isa = PBXFileReference; lastKnownFileType = sourcecode.swift; path = UpdateMetadata.swift; sourceTree = "<group>"; };
		922C0D03590D08F8480CD9D8 /* UpdateCheckConfiguration.swift */ = {isa = PBXFileReference; lastKnownFileType = sourcecode.swift; path = UpdateCheckConfiguration.swift; sourceTree = "<group>"; };
		925AF804ECA1259D2E029B1E /* FoundationFileSystemScannerTests.swift */ = {isa = PBXFileReference; lastKnownFileType = sourcecode.swift; path = FoundationFileSystemScannerTests.swift; sourceTree = "<group>"; };
		93C75C2ABEAD2903B4FEC908 /* RenameOperationTests.swift */ = {isa = PBXFileReference; lastKnownFileType = sourcecode.swift; path = RenameOperationTests.swift; sourceTree = "<group>"; };
		93E1A86BCD3EA22C44EFCFFC /* ProcessMemoryProbe.swift */ = {isa = PBXFileReference; lastKnownFileType = sourcecode.swift; path = ProcessMemoryProbe.swift; sourceTree = "<group>"; };
		94B8D383E56C9504F62C03EF /* ApplicationTerminationController.swift */ = {isa = PBXFileReference; lastKnownFileType = sourcecode.swift; path = ApplicationTerminationController.swift; sourceTree = "<group>"; };
		94F49F7C429D1495F4CB2D68 /* RestrictionPolicy.swift */ = {isa = PBXFileReference; lastKnownFileType = sourcecode.swift; path = RestrictionPolicy.swift; sourceTree = "<group>"; };
		94FBD12B433AD969F4B7C87D /* UpdateChecksSettingsView.swift */ = {isa = PBXFileReference; lastKnownFileType = sourcecode.swift; path = UpdateChecksSettingsView.swift; sourceTree = "<group>"; };
		98655BB01A520DF04C3823C5 /* FoundationCustomScopeBookmarkStore.swift */ = {isa = PBXFileReference; lastKnownFileType = sourcecode.swift; path = FoundationCustomScopeBookmarkStore.swift; sourceTree = "<group>"; };
		9AFC534DC81A04F12F49DA43 /* ControlledDownloadedFileRevealing.swift */ = {isa = PBXFileReference; lastKnownFileType = sourcecode.swift; path = ControlledDownloadedFileRevealing.swift; sourceTree = "<group>"; };
		9C12D51E8AD87052008918C1 /* ScanDataSettingsPresentationTests.swift */ = {isa = PBXFileReference; lastKnownFileType = sourcecode.swift; path = ScanDataSettingsPresentationTests.swift; sourceTree = "<group>"; };
		A2B456368E15C48E7CF20B81 /* StorageItem.swift */ = {isa = PBXFileReference; lastKnownFileType = sourcecode.swift; path = StorageItem.swift; sourceTree = "<group>"; };
		A5268294431168FFB9A0B14F /* SQLiteDatabase.swift */ = {isa = PBXFileReference; lastKnownFileType = sourcecode.swift; path = SQLiteDatabase.swift; sourceTree = "<group>"; };
		A5F6F998E1E67A69F30F9470 /* ScanScopePresentation.swift */ = {isa = PBXFileReference; lastKnownFileType = sourcecode.swift; path = ScanScopePresentation.swift; sourceTree = "<group>"; };
		A736F7BB73F70964DEA246F0 /* RestrictionPolicyTests.swift */ = {isa = PBXFileReference; lastKnownFileType = sourcecode.swift; path = RestrictionPolicyTests.swift; sourceTree = "<group>"; };
		AA10AAD08F635B0BB9AD5A6B /* ScanScopeAuthorizing.swift */ = {isa = PBXFileReference; lastKnownFileType = sourcecode.swift; path = ScanScopeAuthorizing.swift; sourceTree = "<group>"; };
		AB0CA296FB61978912E1197E /* SQLiteScanSnapshotIndexPerformanceTests.swift */ = {isa = PBXFileReference; lastKnownFileType = sourcecode.swift; path = SQLiteScanSnapshotIndexPerformanceTests.swift; sourceTree = "<group>"; };
		AD7482F550F991F8ECBF7093 /* ScanState.swift */ = {isa = PBXFileReference; lastKnownFileType = sourcecode.swift; path = ScanState.swift; sourceTree = "<group>"; };
		AE797F46736F7CEB080938B2 /* SettingsUITests.swift */ = {isa = PBXFileReference; lastKnownFileType = sourcecode.swift; path = SettingsUITests.swift; sourceTree = "<group>"; };
		AE9F30A0FF04EFCFCCDB5E0F /* KeyboardOperabilityUITests.swift */ = {isa = PBXFileReference; lastKnownFileType = sourcecode.swift; path = KeyboardOperabilityUITests.swift; sourceTree = "<group>"; };
		B0267F6D5CA30877859F6753 /* CustomScopeBookmarking.swift */ = {isa = PBXFileReference; lastKnownFileType = sourcecode.swift; path = CustomScopeBookmarking.swift; sourceTree = "<group>"; };
		B04B734788B8EA4D185E213F /* ScanExecutionControl.swift */ = {isa = PBXFileReference; lastKnownFileType = sourcecode.swift; path = ScanExecutionControl.swift; sourceTree = "<group>"; };
		B12C6DAF19230FBE628C7E6C /* FoundationUpdateArtifactDownloader.swift */ = {isa = PBXFileReference; lastKnownFileType = sourcecode.swift; path = FoundationUpdateArtifactDownloader.swift; sourceTree = "<group>"; };
		B2FB2BE335699F594360CD4B /* UpdateChecking.swift */ = {isa = PBXFileReference; lastKnownFileType = sourcecode.swift; path = UpdateChecking.swift; sourceTree = "<group>"; };
		B410F18D41866976E4FE4745 /* AppVersionTests.swift */ = {isa = PBXFileReference; lastKnownFileType = sourcecode.swift; path = AppVersionTests.swift; sourceTree = "<group>"; };
		B45011241C6948D43489C52A /* RenamePlan.swift */ = {isa = PBXFileReference; lastKnownFileType = sourcecode.swift; path = RenamePlan.swift; sourceTree = "<group>"; };
		B58760DBF826523464D61D19 /* ScanCachePresentationTests.swift */ = {isa = PBXFileReference; lastKnownFileType = sourcecode.swift; path = ScanCachePresentationTests.swift; sourceTree = "<group>"; };
		B6DAC1E46080618AE5D01CE2 /* DownloadedFileRevealing.swift */ = {isa = PBXFileReference; lastKnownFileType = sourcecode.swift; path = DownloadedFileRevealing.swift; sourceTree = "<group>"; };
		B72CD856850CA16D51904398 /* FoundationUpdateClientTests.swift */ = {isa = PBXFileReference; lastKnownFileType = sourcecode.swift; path = FoundationUpdateClientTests.swift; sourceTree = "<group>"; };
		B914609DFE9169ED6FD3DFC7 /* ResultsView.swift */ = {isa = PBXFileReference; lastKnownFileType = sourcecode.swift; path = ResultsView.swift; sourceTree = "<group>"; };
		BFDA38CFE052C34F72A44CA5 /* AllItemsTableViewTests.swift */ = {isa = PBXFileReference; lastKnownFileType = sourcecode.swift; path = AllItemsTableViewTests.swift; sourceTree = "<group>"; };
		C234184FD88E00E6DD7359EF /* FileSystemScanning.swift */ = {isa = PBXFileReference; lastKnownFileType = sourcecode.swift; path = FileSystemScanning.swift; sourceTree = "<group>"; };
		C2CA5F8F453399B63BD762D6 /* PathRelocation.swift */ = {isa = PBXFileReference; lastKnownFileType = sourcecode.swift; path = PathRelocation.swift; sourceTree = "<group>"; };
		C4C21AE69B7C373473505FCD /* FoundationMutationEvidenceProvider.swift */ = {isa = PBXFileReference; lastKnownFileType = sourcecode.swift; path = FoundationMutationEvidenceProvider.swift; sourceTree = "<group>"; };
		C935E51CDE01E1BC88B20C15 /* ScanControlPresentationTests.swift */ = {isa = PBXFileReference; lastKnownFileType = sourcecode.swift; path = ScanControlPresentationTests.swift; sourceTree = "<group>"; };
		CAB040EEB6278D1C775575D0 /* FoundationScanScopeAuthorizerTests.swift */ = {isa = PBXFileReference; lastKnownFileType = sourcecode.swift; path = FoundationScanScopeAuthorizerTests.swift; sourceTree = "<group>"; };
		CB3F2DF8B66C1AD95525D8C0 /* FocusedInspectorPresentationTests.swift */ = {isa = PBXFileReference; lastKnownFileType = sourcecode.swift; path = FocusedInspectorPresentationTests.swift; sourceTree = "<group>"; };
		CB7C2724BCED16757F84DE24 /* FocusedInspectorView.swift */ = {isa = PBXFileReference; lastKnownFileType = sourcecode.swift; path = FocusedInspectorView.swift; sourceTree = "<group>"; };
		CC5CF323D02940249BB8FDD8 /* ControlledScanScopeAuthorizer.swift */ = {isa = PBXFileReference; lastKnownFileType = sourcecode.swift; path = ControlledScanScopeAuthorizer.swift; sourceTree = "<group>"; };
		CE4B5AA042322F34BF770A59 /* ControlledUpdateArtifactDownloading.swift */ = {isa = PBXFileReference; lastKnownFileType = sourcecode.swift; path = ControlledUpdateArtifactDownloading.swift; sourceTree = "<group>"; };
		CECDBA7B2F041AB967F7F8E0 /* UpdateCheckSessionTests.swift */ = {isa = PBXFileReference; lastKnownFileType = sourcecode.swift; path = UpdateCheckSessionTests.swift; sourceTree = "<group>"; };
		D0E97F1EB6019E9D72BC90EC /* CrazyFileManagerTests.xctest */ = {isa = PBXFileReference; explicitFileType = wrapper.cfbundle; includeInIndex = 0; path = CrazyFileManagerTests.xctest; sourceTree = BUILT_PRODUCTS_DIR; };
		D36AD79DE6DED8359166F0E8 /* FocusRestorationUITests.swift */ = {isa = PBXFileReference; lastKnownFileType = sourcecode.swift; path = FocusRestorationUITests.swift; sourceTree = "<group>"; };
		D3CAA4DF942EC76477BE9A13 /* UpdateSigningKey.swift */ = {isa = PBXFileReference; lastKnownFileType = sourcecode.swift; path = UpdateSigningKey.swift; sourceTree = "<group>"; };
		D5E3409934B0289B4B4C3730 /* SQLiteScanSnapshotIndexTests.swift */ = {isa = PBXFileReference; lastKnownFileType = sourcecode.swift; path = SQLiteScanSnapshotIndexTests.swift; sourceTree = "<group>"; };
		D6F1C49956D7DDF9B94C2627 /* UserDefaultsUpdateCheckPreferencesStore.swift */ = {isa = PBXFileReference; lastKnownFileType = sourcecode.swift; path = UserDefaultsUpdateCheckPreferencesStore.swift; sourceTree = "<group>"; };
		DB64E874C2465770B398F462 /* UpdateMetadataVerifier.swift */ = {isa = PBXFileReference; lastKnownFileType = sourcecode.swift; path = UpdateMetadataVerifier.swift; sourceTree = "<group>"; };
		E1B07E2FC71B697DE8ADD680 /* InMemoryScanSnapshotIndex.swift */ = {isa = PBXFileReference; lastKnownFileType = sourcecode.swift; path = InMemoryScanSnapshotIndex.swift; sourceTree = "<group>"; };
		E2B0E93C55E42029E98F8E1C /* UpdateCheckSession.swift */ = {isa = PBXFileReference; lastKnownFileType = sourcecode.swift; path = UpdateCheckSession.swift; sourceTree = "<group>"; };
		E7CC20CD361D5132288ED830 /* RenameValidation.swift */ = {isa = PBXFileReference; lastKnownFileType = sourcecode.swift; path = RenameValidation.swift; sourceTree = "<group>"; };
		EBA4215147AA573EB5C01828 /* AllItemsQuery.swift */ = {isa = PBXFileReference; lastKnownFileType = sourcecode.swift; path = AllItemsQuery.swift; sourceTree = "<group>"; };
		F0B9EC819722366DBB917257 /* UpdateArtifactDownloading.swift */ = {isa = PBXFileReference; lastKnownFileType = sourcecode.swift; path = UpdateArtifactDownloading.swift; sourceTree = "<group>"; };
		F0C58D0051A35D0B4FC5B45D /* FoundationUpdateClient.swift */ = {isa = PBXFileReference; lastKnownFileType = sourcecode.swift; path = FoundationUpdateClient.swift; sourceTree = "<group>"; };
		F1409754F3FF3AAECA0D6C39 /* SessionActivity.swift */ = {isa = PBXFileReference; lastKnownFileType = sourcecode.swift; path = SessionActivity.swift; sourceTree = "<group>"; };
		F42E6E1CB57836E776C17A5E /* CrazyFileManagerApp.swift */ = {isa = PBXFileReference; lastKnownFileType = sourcecode.swift; path = CrazyFileManagerApp.swift; sourceTree = "<group>"; };
		F47E89C5E9A6E7EABCECB875 /* ScanSnapshotIndexing.swift */ = {isa = PBXFileReference; lastKnownFileType = sourcecode.swift; path = ScanSnapshotIndexing.swift; sourceTree = "<group>"; };
		F4FDDD9F8DEF74FA31E28AFE /* ScanScopePresentationTests.swift */ = {isa = PBXFileReference; lastKnownFileType = sourcecode.swift; path = ScanScopePresentationTests.swift; sourceTree = "<group>"; };
		F564E37B62A074A96F130C43 /* AllItemsFilterView.swift */ = {isa = PBXFileReference; lastKnownFileType = sourcecode.swift; path = AllItemsFilterView.swift; sourceTree = "<group>"; };
		F7C31A99A2DE1C2CE9D8D310 /* UpdateCheckPreferencesStoring.swift */ = {isa = PBXFileReference; lastKnownFileType = sourcecode.swift; path = UpdateCheckPreferencesStoring.swift; sourceTree = "<group>"; };
		F7D23D0850C753334BEAB1C3 /* ControlledFileSystemScanner.swift */ = {isa = PBXFileReference; lastKnownFileType = sourcecode.swift; path = ControlledFileSystemScanner.swift; sourceTree = "<group>"; };
		FB201E46021CDA4A1D43195E /* TrashExecuting.swift */ = {isa = PBXFileReference; lastKnownFileType = sourcecode.swift; path = TrashExecuting.swift; sourceTree = "<group>"; };
		FB342512B9A7F7E1571B142D /* FoundationTrashExecutorTests.swift */ = {isa = PBXFileReference; lastKnownFileType = sourcecode.swift; path = FoundationTrashExecutorTests.swift; sourceTree = "<group>"; };
/* End PBXFileReference section */

/* Begin PBXFrameworksBuildPhase section */
		2D3444BBDCDED8B61E25FE83 /* Frameworks */ = {
			isa = PBXFrameworksBuildPhase;
			buildActionMask = 2147483647;
			files = (
				FF3630972F8CF736CC48ABEF /* libsqlite3.tbd in Frameworks */,
			);
			runOnlyForDeploymentPostprocessing = 0;
		};
/* End PBXFrameworksBuildPhase section */

/* Begin PBXGroup section */
		00A64CA3FFE0BC6E7467F63E = {
			isa = PBXGroup;
			children = (
				A4118120CC2413C09A4BFDA7 /* CrazyFileManager */,
				8D942EEA9DB835B854B4522E /* CrazyFileManagerTests */,
				DD93F7D9209C189FD3A2DC80 /* CrazyFileManagerUITests */,
				51DE58F54D91B145ACE8FF09 /* Frameworks */,
				62EC76A30F111259FA7B85AE /* Products */,
			);
			sourceTree = "<group>";
		};
		07AC0AB828B8D014F08C151A /* FileSystem */ = {
			isa = PBXGroup;
			children = (
				98655BB01A520DF04C3823C5 /* FoundationCustomScopeBookmarkStore.swift */,
				3C663C8FE660EABCE14F3BD4 /* FoundationFileSystemScanner.swift */,
				C4C21AE69B7C373473505FCD /* FoundationMutationEvidenceProvider.swift */,
				5254FB38C274B101CB9143AA /* FoundationRenameExecutor.swift */,
				4EB303828A9791FC798EE57A /* FoundationScanScopeAuthorizer.swift */,
				2137C15A291F7D433381AFBE /* FoundationTrashExecutor.swift */,
			);
			path = FileSystem;
			sourceTree = "<group>";
		};
		1122BD86D94E20E3A8A0DB51 /* Snapshot */ = {
			isa = PBXGroup;
			children = (
				A5268294431168FFB9A0B14F /* SQLiteDatabase.swift */,
				4FDFE15F85B6F1E9EA1A1FEF /* SQLiteScanSnapshotIndex.swift */,
			);
			path = Snapshot;
			sourceTree = "<group>";
		};
		21842E391203373A15DF9EF3 /* Domain */ = {
			isa = PBXGroup;
			children = (
				EBA4215147AA573EB5C01828 /* AllItemsQuery.swift */,
				52D634B81E771131354E4EFA /* AppVersion.swift */,
				42F8D2C76B7D3A6101D78318 /* ItemSafety.swift */,
				C2CA5F8F453399B63BD762D6 /* PathRelocation.swift */,
				B45011241C6948D43489C52A /* RenamePlan.swift */,
				607616FA5B81349B931FE884 /* ResultsMode.swift */,
				7150081873B496966933F1BA /* ScanProgress.swift */,
				018954E4DDB6D4E1B4EE62F3 /* ScanScope.swift */,
				F1409754F3FF3AAECA0D6C39 /* SessionActivity.swift */,
				A2B456368E15C48E7CF20B81 /* StorageItem.swift */,
				33C676E3CD240652C3351170 /* StorageTree.swift */,
				0406F73DB853A1941B80FAB6 /* TrashPlan.swift */,
				8F69555853CE796F2335A5E6 /* UpdateMetadata.swift */,
				DB64E874C2465770B398F462 /* UpdateMetadataVerifier.swift */,
				D3CAA4DF942EC76477BE9A13 /* UpdateSigningKey.swift */,
			);
			path = Domain;
			sourceTree = "<group>";
		};
		21950D864C0FC78DD3E8ACD8 /* Cache */ = {
			isa = PBXGroup;
			children = (
				00F4B8C323F39AFB21DBB1D0 /* ScanCachePresentation.swift */,
			);
			path = Cache;
			sourceTree = "<group>";
		};
		2898AC37AC35D306C70FB4DD /* Infrastructure */ = {
			isa = PBXGroup;
			children = (
				2B87D715EF3F9ED2FD924407 /* AppKit */,
				07AC0AB828B8D014F08C151A /* FileSystem */,
				DC4C7FB3300E7808B9322436 /* Networking */,
				7E6AA05A206965C7C9B0F439 /* Preferences */,
				1122BD86D94E20E3A8A0DB51 /* Snapshot */,
			);
			path = Infrastructure;
			sourceTree = "<group>";
		};
		2B87D715EF3F9ED2FD924407 /* AppKit */ = {
			isa = PBXGroup;
			children = (
				08CA50DB15142617543007F5 /* NativeCustomScopePicker.swift */,
				7A4310010E59D580B0A4E129 /* PrivacySystemSettingsOpener.swift */,
				0AF8169462C47AE0128B97AA /* WorkspaceDownloadedFileRevealer.swift */,
			);
			path = AppKit;
			sourceTree = "<group>";
		};
		2B9F9D58B86AE6078D75E49C /* Explorer */ = {
			isa = PBXGroup;
			children = (
				1453F6208ADF847A35321B72 /* ExplorerView.swift */,
			);
			path = Explorer;
			sourceTree = "<group>";
		};
		2DAF37794724249B7E3158ED /* DesignSystem */ = {
			isa = PBXGroup;
			children = (
				35E16C1A0152BE1D7C2D3E34 /* CFMDesign.swift */,
			);
			path = DesignSystem;
			sourceTree = "<group>";
		};
		328DA62AAE3F766A57A5F111 /* Application */ = {
			isa = PBXGroup;
			children = (
				B0267F6D5CA30877859F6753 /* CustomScopeBookmarking.swift */,
				697984C215185594EF861EAA /* CustomScopeChoosing.swift */,
				03D57101D766A20E12BC53C1 /* DateProviding.swift */,
				B6DAC1E46080618AE5D01CE2 /* DownloadedFileRevealing.swift */,
				59717E600CBF810F84F09BC3 /* ExplorerSession.swift */,
				C234184FD88E00E6DD7359EF /* FileSystemScanning.swift */,
				548D35E8EA956A1719B2762D /* MutationPreflight.swift */,
				7DE1B1D9CBE8523D4B35D360 /* RenameExecuting.swift */,
				E7CC20CD361D5132288ED830 /* RenameValidation.swift */,
				94F49F7C429D1495F4CB2D68 /* RestrictionPolicy.swift */,
				B04B734788B8EA4D185E213F /* ScanExecutionControl.swift */,
				AA10AAD08F635B0BB9AD5A6B /* ScanScopeAuthorizing.swift */,
				F47E89C5E9A6E7EABCECB875 /* ScanSnapshotIndexing.swift */,
				AD7482F550F991F8ECBF7093 /* ScanState.swift */,
				2333F051597941C9A7DDD663 /* SystemSettingsOpening.swift */,
				FB201E46021CDA4A1D43195E /* TrashExecuting.swift */,
				F0B9EC819722366DBB917257 /* UpdateArtifactDownloading.swift */,
				922C0D03590D08F8480CD9D8 /* UpdateCheckConfiguration.swift */,
				B2FB2BE335699F594360CD4B /* UpdateChecking.swift */,
				F7C31A99A2DE1C2CE9D8D310 /* UpdateCheckPreferencesStoring.swift */,
				E2B0E93C55E42029E98F8E1C /* UpdateCheckSession.swift */,
			);
			path = Application;
			sourceTree = "<group>";
		};
		51DE58F54D91B145ACE8FF09 /* Frameworks */ = {
			isa = PBXGroup;
			children = (
				0473DBD273080869DC50030E /* libsqlite3.tbd */,
			);
			name = Frameworks;
			sourceTree = "<group>";
		};
		58C381680393351E3310443C /* ScanControls */ = {
			isa = PBXGroup;
			children = (
				418B83189C47561F158CB415 /* ScanControlPresentation.swift */,
			);
			path = ScanControls;
			sourceTree = "<group>";
		};
		62EC76A30F111259FA7B85AE /* Products */ = {
			isa = PBXGroup;
			children = (
				2E3F053946B74518B0AFBBB1 /* CrazyFileManager.app */,
				D0E97F1EB6019E9D72BC90EC /* CrazyFileManagerTests.xctest */,
				38A1185761AEFE607963378F /* CrazyFileManagerUITests.xctest */,
			);
			name = Products;
			sourceTree = "<group>";
		};
		634B0F06B21DB5A8A5F5CF43 /* Inspector */ = {
			isa = PBXGroup;
			children = (
				CB7C2724BCED16757F84DE24 /* FocusedInspectorView.swift */,
			);
			path = Inspector;
			sourceTree = "<group>";
		};
		64AB0F6467D1B15235B9192F /* Presentation */ = {
			isa = PBXGroup;
			children = (
				21950D864C0FC78DD3E8ACD8 /* Cache */,
				2DAF37794724249B7E3158ED /* DesignSystem */,
				2B9F9D58B86AE6078D75E49C /* Explorer */,
				634B0F06B21DB5A8A5F5CF43 /* Inspector */,
				9B88FE5EC39A9EF5D4307A9A /* Results */,
				58C381680393351E3310443C /* ScanControls */,
				D057CE409EF6F0DF435ACCAB /* Scope */,
				9CBDB52003D08E91A25C1017 /* Settings */,
				BA4C1333D8E8881D707368D1 /* Welcome */,
			);
			path = Presentation;
			sourceTree = "<group>";
		};
		7E6AA05A206965C7C9B0F439 /* Preferences */ = {
			isa = PBXGroup;
			children = (
				D6F1C49956D7DDF9B94C2627 /* UserDefaultsUpdateCheckPreferencesStore.swift */,
			);
			path = Preferences;
			sourceTree = "<group>";
		};
		8D942EEA9DB835B854B4522E /* CrazyFileManagerTests */ = {
			isa = PBXGroup;
			children = (
				1179F5BED37B2285DD529568 /* AllItemsQueryTests.swift */,
				B410F18D41866976E4FE4745 /* AppVersionTests.swift */,
				693E42235E6470238AA53F6A /* ExplorerSessionTests.swift */,
				25B74BF5BA35894304C8B334 /* MutationPreflightTests.swift */,
				93C75C2ABEAD2903B4FEC908 /* RenameOperationTests.swift */,
				353BD1A48FE0418322165188 /* RenameValidationTests.swift */,
				A736F7BB73F70964DEA246F0 /* RestrictionPolicyTests.swift */,
				5A4227AF119766174D8974D3 /* ScanExecutionControlTests.swift */,
				0D2CFD3C0C322231F7EE4E76 /* TrashOperationTests.swift */,
				CECDBA7B2F041AB967F7F8E0 /* UpdateCheckSessionTests.swift */,
				3939FBA715E0611E6822C30D /* UpdateMetadataVerifierTests.swift */,
				D6EF60DE5313890573790709 /* Infrastructure */,
				B9EECD20350A4B3882D59D15 /* Presentation */,
				C47BF7EE6E795AA9C5AB0547 /* TestSupport */,
			);
			path = CrazyFileManagerTests;
			sourceTree = "<group>";
		};
		9241689C304193271D901AF5 /* App */ = {
			isa = PBXGroup;
			children = (
				8D16EBA0CBFBF0FC1D2FFEE0 /* AppContainer.swift */,
				94B8D383E56C9504F62C03EF /* ApplicationTerminationController.swift */,
				F42E6E1CB57836E776C17A5E /* CrazyFileManagerApp.swift */,
			);
			path = App;
			sourceTree = "<group>";
		};
		9B88FE5EC39A9EF5D4307A9A /* Results */ = {
			isa = PBXGroup;
			children = (
				F564E37B62A074A96F130C43 /* AllItemsFilterView.swift */,
				764922A3E35DA623547C5756 /* AllItemsTableView.swift */,
				B914609DFE9169ED6FD3DFC7 /* ResultsView.swift */,
				00554AA56A393407FAD2085C /* StorageTreeOutlineView.swift */,
			);
			path = Results;
			sourceTree = "<group>";
		};
		9CBDB52003D08E91A25C1017 /* Settings */ = {
			isa = PBXGroup;
			children = (
				2EA9C235420C9CE9380DC684 /* AboutSettingsView.swift */,
				19F5E0374BA182FD31A28566 /* PrivacySettingsView.swift */,
				4070918A19600102FD95455E /* ScanDataSettingsPresentation.swift */,
				125649FCF6C8BF1CA2AFB955 /* ScanDataSettingsView.swift */,
				2DAA67971172540BCD7E87DC /* SettingsView.swift */,
				438406310525DA0B0CD6E435 /* UpdateCheckOutcomePresentation.swift */,
				94FBD12B433AD969F4B7C87D /* UpdateChecksSettingsView.swift */,
			);
			path = Settings;
			sourceTree = "<group>";
		};
		A4118120CC2413C09A4BFDA7 /* CrazyFileManager */ = {
			isa = PBXGroup;
			children = (
				9241689C304193271D901AF5 /* App */,
				328DA62AAE3F766A57A5F111 /* Application */,
				21842E391203373A15DF9EF3 /* Domain */,
				2898AC37AC35D306C70FB4DD /* Infrastructure */,
				64AB0F6467D1B15235B9192F /* Presentation */,
			);
			path = CrazyFileManager;
			sourceTree = "<group>";
		};
		B9EECD20350A4B3882D59D15 /* Presentation */ = {
			isa = PBXGroup;
			children = (
				BFDA38CFE052C34F72A44CA5 /* AllItemsTableViewTests.swift */,
				CB3F2DF8B66C1AD95525D8C0 /* FocusedInspectorPresentationTests.swift */,
				B58760DBF826523464D61D19 /* ScanCachePresentationTests.swift */,
				C935E51CDE01E1BC88B20C15 /* ScanControlPresentationTests.swift */,
				9C12D51E8AD87052008918C1 /* ScanDataSettingsPresentationTests.swift */,
				F4FDDD9F8DEF74FA31E28AFE /* ScanScopePresentationTests.swift */,
				60CCA03E7126DA0BA46A3EC9 /* StorageTreeOutlineViewTests.swift */,
				301352167027775C886F2F68 /* UpdateCheckOutcomePresentationTests.swift */,
			);
			path = Presentation;
			sourceTree = "<group>";
		};
		BA4C1333D8E8881D707368D1 /* Welcome */ = {
			isa = PBXGroup;
			children = (
				56DCA31894FAD2F5F4791269 /* AmbientBackground.swift */,
				07585AF40F0282C8DE4EF19E /* WelcomeView.swift */,
			);
			path = Welcome;
			sourceTree = "<group>";
		};
		C47BF7EE6E795AA9C5AB0547 /* TestSupport */ = {
			isa = PBXGroup;
			children = (
				9AFC534DC81A04F12F49DA43 /* ControlledDownloadedFileRevealing.swift */,
				F7D23D0850C753334BEAB1C3 /* ControlledFileSystemScanner.swift */,
				CC5CF323D02940249BB8FDD8 /* ControlledScanScopeAuthorizer.swift */,
				CE4B5AA042322F34BF770A59 /* ControlledUpdateArtifactDownloading.swift */,
				546D4EF10EC283D0B2B6D0FA /* ControlledUpdateChecking.swift */,
				6F1225478117C85294DC3A4D /* ControlledUpdateCheckPreferencesStoring.swift */,
				71C7AE0A36440706F4EE2013 /* Eventually.swift */,
				E1B07E2FC71B697DE8ADD680 /* InMemoryScanSnapshotIndex.swift */,
				93E1A86BCD3EA22C44EFCFFC /* ProcessMemoryProbe.swift */,
				171BC4061946E011385B1123 /* SyntheticFileSystemScanner.swift */,
				76663E7CF4B7F48971CD314C /* SyntheticFileSystemScannerTests.swift */,
			);
			path = TestSupport;
			sourceTree = "<group>";
		};
		D057CE409EF6F0DF435ACCAB /* Scope */ = {
			isa = PBXGroup;
			children = (
				A5F6F998E1E67A69F30F9470 /* ScanScopePresentation.swift */,
				2B3E461D0DA7D59C9D597DCD /* ScanScopeSelectionView.swift */,
			);
			path = Scope;
			sourceTree = "<group>";
		};
		D6EF60DE5313890573790709 /* Infrastructure */ = {
			isa = PBXGroup;
			children = (
				7656434ED978EA7953095B78 /* FoundationCustomScopeBookmarkStoreTests.swift */,
				925AF804ECA1259D2E029B1E /* FoundationFileSystemScannerTests.swift */,
				379BFF0AB572B76528513F51 /* FoundationRenameExecutorTests.swift */,
				CAB040EEB6278D1C775575D0 /* FoundationScanScopeAuthorizerTests.swift */,
				FB342512B9A7F7E1571B142D /* FoundationTrashExecutorTests.swift */,
				B72CD856850CA16D51904398 /* FoundationUpdateClientTests.swift */,
				AB0CA296FB61978912E1197E /* SQLiteScanSnapshotIndexPerformanceTests.swift */,
				D5E3409934B0289B4B4C3730 /* SQLiteScanSnapshotIndexTests.swift */,
			);
			path = Infrastructure;
			sourceTree = "<group>";
		};
		DC4C7FB3300E7808B9322436 /* Networking */ = {
			isa = PBXGroup;
			children = (
				B12C6DAF19230FBE628C7E6C /* FoundationUpdateArtifactDownloader.swift */,
				F0C58D0051A35D0B4FC5B45D /* FoundationUpdateClient.swift */,
			);
			path = Networking;
			sourceTree = "<group>";
		};
		DD93F7D9209C189FD3A2DC80 /* CrazyFileManagerUITests */ = {
			isa = PBXGroup;
			children = (
				D36AD79DE6DED8359166F0E8 /* FocusRestorationUITests.swift */,
				AE9F30A0FF04EFCFCCDB5E0F /* KeyboardOperabilityUITests.swift */,
				AE797F46736F7CEB080938B2 /* SettingsUITests.swift */,
				8CE96DCFA20E47C7A24974B2 /* VoiceOverLabelingUITests.swift */,
				3A23A9E0653DF5472AFB4E23 /* WelcomeScreenUITests.swift */,
			);
			path = CrazyFileManagerUITests;
			sourceTree = "<group>";
		};
/* End PBXGroup section */

/* Begin PBXNativeTarget section */
		895533A4A6CA970D5BE4D716 /* CrazyFileManager */ = {
			isa = PBXNativeTarget;
			buildConfigurationList = EB7BD2C430BCB21AAE4C9374 /* Build configuration list for PBXNativeTarget "CrazyFileManager" */;
			buildPhases = (
				F660F2765515E262DE914309 /* Sources */,
				2D3444BBDCDED8B61E25FE83 /* Frameworks */,
			);
			buildRules = (
			);
			dependencies = (
			);
			name = CrazyFileManager;
			packageProductDependencies = (
			);
			productName = CrazyFileManager;
			productReference = 2E3F053946B74518B0AFBBB1 /* CrazyFileManager.app */;
			productType = "com.apple.product-type.application";
		};
		9B3EFC0B12A9032187255375 /* CrazyFileManagerTests */ = {
			isa = PBXNativeTarget;
			buildConfigurationList = 93681240EDE488FD9413B38D /* Build configuration list for PBXNativeTarget "CrazyFileManagerTests" */;
			buildPhases = (
				DBD4EEFDAA2B469129ACFB27 /* Sources */,
			);
			buildRules = (
			);
			dependencies = (
				EFA2319A69A67B971CF91990 /* PBXTargetDependency */,
			);
			name = CrazyFileManagerTests;
			packageProductDependencies = (
			);
			productName = CrazyFileManagerTests;
			productReference = D0E97F1EB6019E9D72BC90EC /* CrazyFileManagerTests.xctest */;
			productType = "com.apple.product-type.bundle.unit-test";
		};
		F2399EDF099F8E74127E1E2C /* CrazyFileManagerUITests */ = {
			isa = PBXNativeTarget;
			buildConfigurationList = 829A484483E4FD30FA137754 /* Build configuration list for PBXNativeTarget "CrazyFileManagerUITests" */;
			buildPhases = (
				3C321ACA114E58F6552AE962 /* Sources */,
			);
			buildRules = (
			);
			dependencies = (
				143545F5887B5C6B37208166 /* PBXTargetDependency */,
			);
			name = CrazyFileManagerUITests;
			packageProductDependencies = (
			);
			productName = CrazyFileManagerUITests;
			productReference = 38A1185761AEFE607963378F /* CrazyFileManagerUITests.xctest */;
			productType = "com.apple.product-type.bundle.ui-testing";
		};
/* End PBXNativeTarget section */

/* Begin PBXProject section */
		BBE48E8BF8F330582F629D5E /* Project object */ = {
			isa = PBXProject;
			attributes = {
				BuildIndependentTargetsInParallel = YES;
				LastUpgradeCheck = 2600;
				TargetAttributes = {
					895533A4A6CA970D5BE4D716 = {
						ProvisioningStyle = Automatic;
					};
					F2399EDF099F8E74127E1E2C = {
						TestTargetID = 895533A4A6CA970D5BE4D716;
					};
				};
			};
			buildConfigurationList = FFCA52D2BAEBE85DCDFAC7D7 /* Build configuration list for PBXProject "CrazyFileManager" */;
			developmentRegion = en;
			hasScannedForEncodings = 0;
			knownRegions = (
				Base,
				en,
			);
			mainGroup = 00A64CA3FFE0BC6E7467F63E;
			minimizedProjectReferenceProxies = 1;
			preferredProjectObjectVersion = 77;
			productRefGroup = 62EC76A30F111259FA7B85AE /* Products */;
			projectDirPath = "";
			projectRoot = "";
			targets = (
				895533A4A6CA970D5BE4D716 /* CrazyFileManager */,
				9B3EFC0B12A9032187255375 /* CrazyFileManagerTests */,
				F2399EDF099F8E74127E1E2C /* CrazyFileManagerUITests */,
			);
		};
/* End PBXProject section */

/* Begin PBXSourcesBuildPhase section */
		3C321ACA114E58F6552AE962 /* Sources */ = {
			isa = PBXSourcesBuildPhase;
			buildActionMask = 2147483647;
			files = (
				98BB85D1967BEAE9F50AE420 /* FocusRestorationUITests.swift in Sources */,
				E8CFEF65105E7BF9B5E65100 /* KeyboardOperabilityUITests.swift in Sources */,
				AF9EEE04CB8A6B3ADF9291DE /* SettingsUITests.swift in Sources */,
				FA011DF74D8FF91370FA2DC4 /* VoiceOverLabelingUITests.swift in Sources */,
				D4EF5E1C954D6114796DA06D /* WelcomeScreenUITests.swift in Sources */,
			);
			runOnlyForDeploymentPostprocessing = 0;
		};
		DBD4EEFDAA2B469129ACFB27 /* Sources */ = {
			isa = PBXSourcesBuildPhase;
			buildActionMask = 2147483647;
			files = (
				795F99AB28399CB9C9A0BA45 /* AllItemsQueryTests.swift in Sources */,
				A83AD70269A514FA391F89B4 /* AllItemsTableViewTests.swift in Sources */,
				781AAB6F932988712EFA5519 /* AppVersionTests.swift in Sources */,
				0103EB875E4C9A4A5A47FCE4 /* ControlledDownloadedFileRevealing.swift in Sources */,
				A00B11C193533102E2574CEE /* ControlledFileSystemScanner.swift in Sources */,
				5D37FB38D8621E82A29A7ECA /* ControlledScanScopeAuthorizer.swift in Sources */,
				4AB3C56D8647FF0AEBDF8236 /* ControlledUpdateArtifactDownloading.swift in Sources */,
				AECA46731841166EDAB48F4B /* ControlledUpdateCheckPreferencesStoring.swift in Sources */,
				313072354DABB409D14AF259 /* ControlledUpdateChecking.swift in Sources */,
				562FB4B2EED1E72CB8F0F186 /* Eventually.swift in Sources */,
				BE7A7A5E5908ACA911975ABC /* ExplorerSessionTests.swift in Sources */,
				FC7AA35E2E0FE680768C5FAE /* FocusedInspectorPresentationTests.swift in Sources */,
				2FFAAD04724294925E81F4D5 /* FoundationCustomScopeBookmarkStoreTests.swift in Sources */,
				07D5A0EF8742872B5AA15C58 /* FoundationFileSystemScannerTests.swift in Sources */,
				53B04A7469B9BC03E0CDEE68 /* FoundationRenameExecutorTests.swift in Sources */,
				F75772CC1B471D909F2C4042 /* FoundationScanScopeAuthorizerTests.swift in Sources */,
				17B5BD09B42DE42BEBD8ABAC /* FoundationTrashExecutorTests.swift in Sources */,
				7501246B6FF52BC69FE6ADF1 /* FoundationUpdateClientTests.swift in Sources */,
				0F91D88635A114D0794DE229 /* InMemoryScanSnapshotIndex.swift in Sources */,
				61E899150808110C309C3B03 /* MutationPreflightTests.swift in Sources */,
				2608634CE42C3121DF4A252A /* ProcessMemoryProbe.swift in Sources */,
				C1E0579FAA906804E8748FEA /* RenameOperationTests.swift in Sources */,
				E5AF8CD32AB5080E0EF1EC4F /* RenameValidationTests.swift in Sources */,
				8DA31B237B2AC3E8CF8CED8F /* RestrictionPolicyTests.swift in Sources */,
				36A35EBD8BFD6A89985FF590 /* SQLiteScanSnapshotIndexPerformanceTests.swift in Sources */,
				E5DD658C2D1342305D565D45 /* SQLiteScanSnapshotIndexTests.swift in Sources */,
				FC83793B01835F7B706C62AE /* ScanCachePresentationTests.swift in Sources */,
				46219AF696F93C052AD53CE9 /* ScanControlPresentationTests.swift in Sources */,
				D1ACA04914C6C77DC9C83986 /* ScanDataSettingsPresentationTests.swift in Sources */,
				DE86860977F21057F87F79FA /* ScanExecutionControlTests.swift in Sources */,
				B7828B4183EFA32B0C323AFA /* ScanScopePresentationTests.swift in Sources */,
				20BEA7FA55DE83BB5825AC33 /* StorageTreeOutlineViewTests.swift in Sources */,
				499A6A7E3EA00804B9BCD046 /* SyntheticFileSystemScanner.swift in Sources */,
				70FB3BFD8885872204852247 /* SyntheticFileSystemScannerTests.swift in Sources */,
				860E9CDE7E94CA5085A36176 /* TrashOperationTests.swift in Sources */,
				C14C2202093EEB7FFC3D9568 /* UpdateCheckOutcomePresentationTests.swift in Sources */,
				13F5EDA51A6E79A5F804389E /* UpdateCheckSessionTests.swift in Sources */,
				58D405491CB8882DDB9F1998 /* UpdateMetadataVerifierTests.swift in Sources */,
			);
			runOnlyForDeploymentPostprocessing = 0;
		};
		F660F2765515E262DE914309 /* Sources */ = {
			isa = PBXSourcesBuildPhase;
			buildActionMask = 2147483647;
			files = (
				845C57A0EC397F48AC15419C /* AboutSettingsView.swift in Sources */,
				209ABEA0B4BF294D4D0D0BE2 /* AllItemsFilterView.swift in Sources */,
				13241C20135FE5E88CB42102 /* AllItemsQuery.swift in Sources */,
				E26915DCB55CD9530679F587 /* AllItemsTableView.swift in Sources */,
				AD18EF37576DD6E3D0C5B6F0 /* AmbientBackground.swift in Sources */,
				E88C03FD7BAC95FF0306D93E /* AppContainer.swift in Sources */,
				5954B407F40B28ECD1432365 /* AppVersion.swift in Sources */,
				137C5B7654048EF8678E0972 /* ApplicationTerminationController.swift in Sources */,
				BE1DF19F8F32D24D2F838C52 /* CFMDesign.swift in Sources */,
				9BB082EEFA513A6D29026CE2 /* CrazyFileManagerApp.swift in Sources */,
				29E573B81231E4A38787532A /* CustomScopeBookmarking.swift in Sources */,
				D9CE2E27B09F8DB7E20E1F4C /* CustomScopeChoosing.swift in Sources */,
				89A35FCA4B179EE722200029 /* DateProviding.swift in Sources */,
				77C9100F055F4A4E72AD910D /* DownloadedFileRevealing.swift in Sources */,
				9DF6CB94B5B67022638E41F1 /* ExplorerSession.swift in Sources */,
				A47B0621213674723268F900 /* ExplorerView.swift in Sources */,
				C376788B3A781482D09DEBCE /* FileSystemScanning.swift in Sources */,
				7AE94779C570B0EADB416454 /* FocusedInspectorView.swift in Sources */,
				B281CCD2AD0681C4C3498BE7 /* FoundationCustomScopeBookmarkStore.swift in Sources */,
				B97BFFE73FF6C6BF7BE63531 /* FoundationFileSystemScanner.swift in Sources */,
				12BEF18A16A99FBE3CD2F8E8 /* FoundationMutationEvidenceProvider.swift in Sources */,
				E836C3534224D919F17DC88D /* FoundationRenameExecutor.swift in Sources */,
				70D8C74F760CF4F5E9BBD112 /* FoundationScanScopeAuthorizer.swift in Sources */,
				065FB456D8F58A3F2F8DB864 /* FoundationTrashExecutor.swift in Sources */,
				B1C89D5E187A2463A7B79226 /* FoundationUpdateArtifactDownloader.swift in Sources */,
				D7C0C98DCABAFA30A48564A5 /* FoundationUpdateClient.swift in Sources */,
				869B91C3CA2F4A19F7988DEE /* ItemSafety.swift in Sources */,
				7ABC06C4025F91664FC6369E /* MutationPreflight.swift in Sources */,
				98F36E790301409827720AAF /* NativeCustomScopePicker.swift in Sources */,
				03318C764D63E20EA96CFB61 /* PathRelocation.swift in Sources */,
				2D24040EF7B63B4E904074ED /* PrivacySettingsView.swift in Sources */,
				B419606537991E7BECD82B02 /* PrivacySystemSettingsOpener.swift in Sources */,
				E199E45E29F0C791FE14261F /* RenameExecuting.swift in Sources */,
				152D231597B50504BC3ED913 /* RenamePlan.swift in Sources */,
				11CB9111C1904379E5B27DD7 /* RenameValidation.swift in Sources */,
				BB5B393891053F5DFDBB4052 /* RestrictionPolicy.swift in Sources */,
				0A882E47DD1BAAAFF1FA88AE /* ResultsMode.swift in Sources */,
				C081978B575232BDD160D587 /* ResultsView.swift in Sources */,
				0A0F3C84B227930360F8DDCA /* SQLiteDatabase.swift in Sources */,
				F478E7471FEC10853A273933 /* SQLiteScanSnapshotIndex.swift in Sources */,
				A64DB0C40DA9A2AC6EC03B0F /* ScanCachePresentation.swift in Sources */,
				82EACFBA8172FE1562239450 /* ScanControlPresentation.swift in Sources */,
				146871E013805341B95856E1 /* ScanDataSettingsPresentation.swift in Sources */,
				EE8E68EC4AAA7E3C87EE7EFC /* ScanDataSettingsView.swift in Sources */,
				92A0762E2FF852DAC8817E63 /* ScanExecutionControl.swift in Sources */,
				06349653575A623ED9CA70CB /* ScanProgress.swift in Sources */,
				E2AB5D3581309A696D4A4F38 /* ScanScope.swift in Sources */,
				BD17DAF62D3B1138ACD074DC /* ScanScopeAuthorizing.swift in Sources */,
				BDB014C4813AB7FAFE2E18C2 /* ScanScopePresentation.swift in Sources */,
				23334FC6AD55336288858D89 /* ScanScopeSelectionView.swift in Sources */,
				7A9DDB2D237D1CD572F941E2 /* ScanSnapshotIndexing.swift in Sources */,
				0224F25D065E86AEFD97F3B5 /* ScanState.swift in Sources */,
				313DB093712E8B5897818F6E /* SessionActivity.swift in Sources */,
				70FDF83653052B8E336C9F76 /* SettingsView.swift in Sources */,
				389276AACBE22E98B47EAFDE /* StorageItem.swift in Sources */,
				3293371DFDBED20775499C41 /* StorageTree.swift in Sources */,
				AED78AC67D96DBF82F6F7737 /* StorageTreeOutlineView.swift in Sources */,
				DF34CCA314C035DE0EB4C65C /* SystemSettingsOpening.swift in Sources */,
				6619C698CFCAE96886698A21 /* TrashExecuting.swift in Sources */,
				CF16F45542AEB1A3C031976F /* TrashPlan.swift in Sources */,
				26EECC70D1201314C5C77838 /* UpdateArtifactDownloading.swift in Sources */,
				EA7652099C24289AF8104939 /* UpdateCheckConfiguration.swift in Sources */,
				BB71367FD03C207ABE86E138 /* UpdateCheckOutcomePresentation.swift in Sources */,
				6FE4B4DB4D064CE130B71520 /* UpdateCheckPreferencesStoring.swift in Sources */,
				69D75E43EC60DB0AA4A12CA8 /* UpdateCheckSession.swift in Sources */,
				D099CDD5B30B1381919F25B6 /* UpdateChecking.swift in Sources */,
				E80CF665C6004931BFC7C479 /* UpdateChecksSettingsView.swift in Sources */,
				A68941375A986CE895F0B6FC /* UpdateMetadata.swift in Sources */,
				8AC267AD14570D592ABE3961 /* UpdateMetadataVerifier.swift in Sources */,
				D846CF95792C5868960D1A21 /* UpdateSigningKey.swift in Sources */,
				4D4F3B61A41A8DD44DDC948D /* UserDefaultsUpdateCheckPreferencesStore.swift in Sources */,
				37FBC87AE3A2A7CC698D3C53 /* WelcomeView.swift in Sources */,
				C691EA52E4765077D399F600 /* WorkspaceDownloadedFileRevealer.swift in Sources */,
			);
			runOnlyForDeploymentPostprocessing = 0;
		};
/* End PBXSourcesBuildPhase section */

/* Begin PBXTargetDependency section */
		143545F5887B5C6B37208166 /* PBXTargetDependency */ = {
			isa = PBXTargetDependency;
			target = 895533A4A6CA970D5BE4D716 /* CrazyFileManager */;
			targetProxy = C17058CD17405C68065A7713 /* PBXContainerItemProxy */;
		};
		EFA2319A69A67B971CF91990 /* PBXTargetDependency */ = {
			isa = PBXTargetDependency;
			target = 895533A4A6CA970D5BE4D716 /* CrazyFileManager */;
			targetProxy = C630D5AC8E2BC56089AF470E /* PBXContainerItemProxy */;
		};
/* End PBXTargetDependency section */

/* Begin XCBuildConfiguration section */
		2D23B7335D7FD0475D052F60 /* Release */ = {
			isa = XCBuildConfiguration;
			buildSettings = {
				ALWAYS_SEARCH_USER_PATHS = NO;
				ARCHS = "$(ARCHS_STANDARD)";
				CLANG_ANALYZER_NONNULL = YES;
				CLANG_ANALYZER_NUMBER_OBJECT_CONVERSION = YES_AGGRESSIVE;
				CLANG_CXX_LANGUAGE_STANDARD = "gnu++14";
				CLANG_CXX_LIBRARY = "libc++";
				CLANG_ENABLE_MODULES = YES;
				CLANG_ENABLE_OBJC_ARC = YES;
				CLANG_ENABLE_OBJC_WEAK = YES;
				CLANG_WARN_BLOCK_CAPTURE_AUTORELEASING = YES;
				CLANG_WARN_BOOL_CONVERSION = YES;
				CLANG_WARN_COMMA = YES;
				CLANG_WARN_CONSTANT_CONVERSION = YES;
				CLANG_WARN_DEPRECATED_OBJC_IMPLEMENTATIONS = YES;
				CLANG_WARN_DIRECT_OBJC_ISA_USAGE = YES_ERROR;
				CLANG_WARN_DOCUMENTATION_COMMENTS = YES;
				CLANG_WARN_EMPTY_BODY = YES;
				CLANG_WARN_ENUM_CONVERSION = YES;
				CLANG_WARN_INFINITE_RECURSION = YES;
				CLANG_WARN_INT_CONVERSION = YES;
				CLANG_WARN_NON_LITERAL_NULL_CONVERSION = YES;
				CLANG_WARN_OBJC_IMPLICIT_RETAIN_SELF = YES;
				CLANG_WARN_OBJC_LITERAL_CONVERSION = YES;
				CLANG_WARN_OBJC_ROOT_CLASS = YES_ERROR;
				CLANG_WARN_QUOTED_INCLUDE_IN_FRAMEWORK_HEADER = YES;
				CLANG_WARN_RANGE_LOOP_ANALYSIS = YES;
				CLANG_WARN_STRICT_PROTOTYPES = YES;
				CLANG_WARN_SUSPICIOUS_MOVE = YES;
				CLANG_WARN_UNGUARDED_AVAILABILITY = YES_AGGRESSIVE;
				CLANG_WARN_UNREACHABLE_CODE = YES;
				CLANG_WARN__DUPLICATE_METHOD_MATCH = YES;
				COPY_PHASE_STRIP = NO;
				DEBUG_INFORMATION_FORMAT = "dwarf-with-dsym";
				ENABLE_NS_ASSERTIONS = NO;
				ENABLE_STRICT_OBJC_MSGSEND = YES;
				GCC_C_LANGUAGE_STANDARD = gnu11;
				GCC_NO_COMMON_BLOCKS = YES;
				GCC_TREAT_WARNINGS_AS_ERRORS = YES;
				GCC_WARN_64_TO_32_BIT_CONVERSION = YES;
				GCC_WARN_ABOUT_RETURN_TYPE = YES_ERROR;
				GCC_WARN_UNDECLARED_SELECTOR = YES;
				GCC_WARN_UNINITIALIZED_AUTOS = YES_AGGRESSIVE;
				GCC_WARN_UNUSED_FUNCTION = YES;
				GCC_WARN_UNUSED_VARIABLE = YES;
				MACOSX_DEPLOYMENT_TARGET = 14.0;
				MTL_ENABLE_DEBUG_INFO = NO;
				MTL_FAST_MATH = YES;
				ONLY_ACTIVE_ARCH = NO;
				PRODUCT_NAME = "$(TARGET_NAME)";
				SDKROOT = macosx;
				SWIFT_COMPILATION_MODE = wholemodule;
				SWIFT_OPTIMIZATION_LEVEL = "-O";
				SWIFT_STRICT_CONCURRENCY = complete;
				SWIFT_TREAT_WARNINGS_AS_ERRORS = YES;
				SWIFT_VERSION = 6.0;
			};
			name = Release;
		};
		302318858DFE23EA68210D67 /* Debug */ = {
			isa = XCBuildConfiguration;
			buildSettings = {
				BUNDLE_LOADER = "$(TEST_HOST)";
				COMBINE_HIDPI_IMAGES = YES;
				GENERATE_INFOPLIST_FILE = YES;
				LD_RUNPATH_SEARCH_PATHS = (
					"$(inherited)",
					"@executable_path/Frameworks",
					"@loader_path/Frameworks",
				);
				PRODUCT_BUNDLE_IDENTIFIER = com.nphkhiem.CrazyFileManagerUITests;
				SDKROOT = macosx;
				TEST_TARGET_NAME = CrazyFileManager;
			};
			name = Debug;
		};
		63DF01AA324FCCB29D0BE048 /* Release */ = {
			isa = XCBuildConfiguration;
			buildSettings = {
				BUNDLE_LOADER = "$(TEST_HOST)";
				COMBINE_HIDPI_IMAGES = YES;
				GENERATE_INFOPLIST_FILE = YES;
				LD_RUNPATH_SEARCH_PATHS = (
					"$(inherited)",
					"@executable_path/../Frameworks",
					"@loader_path/../Frameworks",
				);
				PRODUCT_BUNDLE_IDENTIFIER = com.nphkhiem.CrazyFileManagerTests;
				SDKROOT = macosx;
				TEST_HOST = "$(BUILT_PRODUCTS_DIR)/Crazy File Manager.app/Contents/MacOS/Crazy File Manager";
			};
			name = Release;
		};
		7EBF54558CDC27DF29784AD6 /* Release */ = {
			isa = XCBuildConfiguration;
			buildSettings = {
				ASSETCATALOG_COMPILER_APPICON_NAME = AppIcon;
				CODE_SIGN_STYLE = Automatic;
				COMBINE_HIDPI_IMAGES = YES;
				CURRENT_PROJECT_VERSION = 1;
				ENABLE_HARDENED_RUNTIME = YES;
				ENABLE_USER_SCRIPT_SANDBOXING = YES;
				GENERATE_INFOPLIST_FILE = YES;
				INFOPLIST_KEY_CFBundleDisplayName = "Crazy File Manager";
				INFOPLIST_KEY_LSApplicationCategoryType = "public.app-category.utilities";
				LD_RUNPATH_SEARCH_PATHS = (
					"$(inherited)",
					"@executable_path/../Frameworks",
				);
				MARKETING_VERSION = 0.1.0;
				PRODUCT_BUNDLE_IDENTIFIER = com.nphkhiem.CrazyFileManager;
				PRODUCT_MODULE_NAME = CrazyFileManager;
				PRODUCT_NAME = "Crazy File Manager";
				SDKROOT = macosx;
			};
			name = Release;
		};
		904CACDC2232C84B34842E71 /* Debug */ = {
			isa = XCBuildConfiguration;
			buildSettings = {
				ALWAYS_SEARCH_USER_PATHS = NO;
				ARCHS = "$(ARCHS_STANDARD)";
				CLANG_ANALYZER_NONNULL = YES;
				CLANG_ANALYZER_NUMBER_OBJECT_CONVERSION = YES_AGGRESSIVE;
				CLANG_CXX_LANGUAGE_STANDARD = "gnu++14";
				CLANG_CXX_LIBRARY = "libc++";
				CLANG_ENABLE_MODULES = YES;
				CLANG_ENABLE_OBJC_ARC = YES;
				CLANG_ENABLE_OBJC_WEAK = YES;
				CLANG_WARN_BLOCK_CAPTURE_AUTORELEASING = YES;
				CLANG_WARN_BOOL_CONVERSION = YES;
				CLANG_WARN_COMMA = YES;
				CLANG_WARN_CONSTANT_CONVERSION = YES;
				CLANG_WARN_DEPRECATED_OBJC_IMPLEMENTATIONS = YES;
				CLANG_WARN_DIRECT_OBJC_ISA_USAGE = YES_ERROR;
				CLANG_WARN_DOCUMENTATION_COMMENTS = YES;
				CLANG_WARN_EMPTY_BODY = YES;
				CLANG_WARN_ENUM_CONVERSION = YES;
				CLANG_WARN_INFINITE_RECURSION = YES;
				CLANG_WARN_INT_CONVERSION = YES;
				CLANG_WARN_NON_LITERAL_NULL_CONVERSION = YES;
				CLANG_WARN_OBJC_IMPLICIT_RETAIN_SELF = YES;
				CLANG_WARN_OBJC_LITERAL_CONVERSION = YES;
				CLANG_WARN_OBJC_ROOT_CLASS = YES_ERROR;
				CLANG_WARN_QUOTED_INCLUDE_IN_FRAMEWORK_HEADER = YES;
				CLANG_WARN_RANGE_LOOP_ANALYSIS = YES;
				CLANG_WARN_STRICT_PROTOTYPES = YES;
				CLANG_WARN_SUSPICIOUS_MOVE = YES;
				CLANG_WARN_UNGUARDED_AVAILABILITY = YES_AGGRESSIVE;
				CLANG_WARN_UNREACHABLE_CODE = YES;
				CLANG_WARN__DUPLICATE_METHOD_MATCH = YES;
				COPY_PHASE_STRIP = NO;
				DEBUG_INFORMATION_FORMAT = dwarf;
				ENABLE_STRICT_OBJC_MSGSEND = YES;
				ENABLE_TESTABILITY = YES;
				GCC_C_LANGUAGE_STANDARD = gnu11;
				GCC_DYNAMIC_NO_PIC = NO;
				GCC_NO_COMMON_BLOCKS = YES;
				GCC_OPTIMIZATION_LEVEL = 0;
				GCC_PREPROCESSOR_DEFINITIONS = (
					"$(inherited)",
					"DEBUG=1",
				);
				GCC_TREAT_WARNINGS_AS_ERRORS = YES;
				GCC_WARN_64_TO_32_BIT_CONVERSION = YES;
				GCC_WARN_ABOUT_RETURN_TYPE = YES_ERROR;
				GCC_WARN_UNDECLARED_SELECTOR = YES;
				GCC_WARN_UNINITIALIZED_AUTOS = YES_AGGRESSIVE;
				GCC_WARN_UNUSED_FUNCTION = YES;
				GCC_WARN_UNUSED_VARIABLE = YES;
				MACOSX_DEPLOYMENT_TARGET = 14.0;
				MTL_ENABLE_DEBUG_INFO = INCLUDE_SOURCE;
				MTL_FAST_MATH = YES;
				ONLY_ACTIVE_ARCH = YES;
				PRODUCT_NAME = "$(TARGET_NAME)";
				SDKROOT = macosx;
				SWIFT_ACTIVE_COMPILATION_CONDITIONS = DEBUG;
				SWIFT_OPTIMIZATION_LEVEL = "-Onone";
				SWIFT_STRICT_CONCURRENCY = complete;
				SWIFT_TREAT_WARNINGS_AS_ERRORS = YES;
				SWIFT_VERSION = 6.0;
			};
			name = Debug;
		};
		A92E4D1C15E0B20EEE3F0987 /* Debug */ = {
			isa = XCBuildConfiguration;
			buildSettings = {
				ASSETCATALOG_COMPILER_APPICON_NAME = AppIcon;
				CODE_SIGN_STYLE = Automatic;
				COMBINE_HIDPI_IMAGES = YES;
				CURRENT_PROJECT_VERSION = 1;
				ENABLE_HARDENED_RUNTIME = YES;
				ENABLE_USER_SCRIPT_SANDBOXING = YES;
				GENERATE_INFOPLIST_FILE = YES;
				INFOPLIST_KEY_CFBundleDisplayName = "Crazy File Manager";
				INFOPLIST_KEY_LSApplicationCategoryType = "public.app-category.utilities";
				LD_RUNPATH_SEARCH_PATHS = (
					"$(inherited)",
					"@executable_path/../Frameworks",
				);
				MARKETING_VERSION = 0.1.0;
				PRODUCT_BUNDLE_IDENTIFIER = com.nphkhiem.CrazyFileManager;
				PRODUCT_MODULE_NAME = CrazyFileManager;
				PRODUCT_NAME = "Crazy File Manager";
				SDKROOT = macosx;
			};
			name = Debug;
		};
		BB696209C4ABA1B7B4286C1B /* Release */ = {
			isa = XCBuildConfiguration;
			buildSettings = {
				BUNDLE_LOADER = "$(TEST_HOST)";
				COMBINE_HIDPI_IMAGES = YES;
				GENERATE_INFOPLIST_FILE = YES;
				LD_RUNPATH_SEARCH_PATHS = (
					"$(inherited)",
					"@executable_path/Frameworks",
					"@loader_path/Frameworks",
				);
				PRODUCT_BUNDLE_IDENTIFIER = com.nphkhiem.CrazyFileManagerUITests;
				SDKROOT = macosx;
				TEST_TARGET_NAME = CrazyFileManager;
			};
			name = Release;
		};
		BFE0BAF965F2B9B79168A443 /* Debug */ = {
			isa = XCBuildConfiguration;
			buildSettings = {
				BUNDLE_LOADER = "$(TEST_HOST)";
				COMBINE_HIDPI_IMAGES = YES;
				GENERATE_INFOPLIST_FILE = YES;
				LD_RUNPATH_SEARCH_PATHS = (
					"$(inherited)",
					"@executable_path/../Frameworks",
					"@loader_path/../Frameworks",
				);
				PRODUCT_BUNDLE_IDENTIFIER = com.nphkhiem.CrazyFileManagerTests;
				SDKROOT = macosx;
				TEST_HOST = "$(BUILT_PRODUCTS_DIR)/Crazy File Manager.app/Contents/MacOS/Crazy File Manager";
			};
			name = Debug;
		};
/* End XCBuildConfiguration section */

/* Begin XCConfigurationList section */
		829A484483E4FD30FA137754 /* Build configuration list for PBXNativeTarget "CrazyFileManagerUITests" */ = {
			isa = XCConfigurationList;
			buildConfigurations = (
				302318858DFE23EA68210D67 /* Debug */,
				BB696209C4ABA1B7B4286C1B /* Release */,
			);
			defaultConfigurationIsVisible = 0;
			defaultConfigurationName = Debug;
		};
		93681240EDE488FD9413B38D /* Build configuration list for PBXNativeTarget "CrazyFileManagerTests" */ = {
			isa = XCConfigurationList;
			buildConfigurations = (
				BFE0BAF965F2B9B79168A443 /* Debug */,
				63DF01AA324FCCB29D0BE048 /* Release */,
			);
			defaultConfigurationIsVisible = 0;
			defaultConfigurationName = Debug;
		};
		EB7BD2C430BCB21AAE4C9374 /* Build configuration list for PBXNativeTarget "CrazyFileManager" */ = {
			isa = XCConfigurationList;
			buildConfigurations = (
				A92E4D1C15E0B20EEE3F0987 /* Debug */,
				7EBF54558CDC27DF29784AD6 /* Release */,
			);
			defaultConfigurationIsVisible = 0;
			defaultConfigurationName = Debug;
		};
		FFCA52D2BAEBE85DCDFAC7D7 /* Build configuration list for PBXProject "CrazyFileManager" */ = {
			isa = XCConfigurationList;
			buildConfigurations = (
				904CACDC2232C84B34842E71 /* Debug */,
				2D23B7335D7FD0475D052F60 /* Release */,
			);
			defaultConfigurationIsVisible = 0;
			defaultConfigurationName = Debug;
		};
/* End XCConfigurationList section */
	};
	rootObject = BBE48E8BF8F330582F629D5E /* Project object */;
}
